// !$*UTF8*$!
{
	archiveVersion = 1;
	classes = {
	};
	objectVersion = 46;
	objects = {

/* Begin PBXBuildFile section */
		4F9909FE1BBFA1C3001FD2E8 /* AppDelegate.swift in Sources */ = {isa = PBXBuildFile; fileRef = 4F9909FD1BBFA1C3001FD2E8 /* AppDelegate.swift */; };
		4F990A001BBFA1C3001FD2E8 /* ViewController.swift in Sources */ = {isa = PBXBuildFile; fileRef = 4F9909FF1BBFA1C3001FD2E8 /* ViewController.swift */; };
		4F990A031BBFA1C3001FD2E8 /* Main.storyboard in Resources */ = {isa = PBXBuildFile; fileRef = 4F990A011BBFA1C3001FD2E8 /* Main.storyboard */; };
		4F990A051BBFA1C3001FD2E8 /* Assets.xcassets in Resources */ = {isa = PBXBuildFile; fileRef = 4F990A041BBFA1C3001FD2E8 /* Assets.xcassets */; };
		4F990A081BBFA1C3001FD2E8 /* LaunchScreen.storyboard in Resources */ = {isa = PBXBuildFile; fileRef = 4F990A061BBFA1C3001FD2E8 /* LaunchScreen.storyboard */; };
		4FCEE8351BC06F510010DB5E /* refTableViewCell.swift in Sources */ = {isa = PBXBuildFile; fileRef = 4FCEE8341BC06F510010DB5E /* refTableViewCell.swift */; settings = {ASSET_TAGS = (); }; };
		4FCEE8391BC070660010DB5E /* refViewController.swift in Sources */ = {isa = PBXBuildFile; fileRef = 4FCEE8381BC070660010DB5E /* refViewController.swift */; settings = {ASSET_TAGS = (); }; };
		E9FCDF63F5ABF3B7DAE4C657 /* libPods-movieperksfinal.a in Frameworks */ = {isa = PBXBuildFile; fileRef = 0AFE86FD1DA2C1295F4F6572 /* libPods-movieperksfinal.a */; };
/* End PBXBuildFile section */

/* Begin PBXFileReference section */
		0AFE86FD1DA2C1295F4F6572 /* libPods-movieperksfinal.a */ = {isa = PBXFileReference; explicitFileType = archive.ar; includeInIndex = 0; path = "libPods-movieperksfinal.a"; sourceTree = BUILT_PRODUCTS_DIR; };
		3838BCAEDB6E548E2B5B6B0E /* Pods-movieperksfinal.release.xcconfig */ = {isa = PBXFileReference; includeInIndex = 1; lastKnownFileType = text.xcconfig; name = "Pods-movieperksfinal.release.xcconfig"; path = "Pods/Target Support Files/Pods-movieperksfinal/Pods-movieperksfinal.release.xcconfig"; sourceTree = "<group>"; };
		4F9909FA1BBFA1C2001FD2E8 /* movieperksfinal.app */ = {isa = PBXFileReference; explicitFileType = wrapper.application; includeInIndex = 0; path = movieperksfinal.app; sourceTree = BUILT_PRODUCTS_DIR; };
		4F9909FD1BBFA1C3001FD2E8 /* AppDelegate.swift */ = {isa = PBXFileReference; lastKnownFileType = sourcecode.swift; path = AppDelegate.swift; sourceTree = "<group>"; };
		4F9909FF1BBFA1C3001FD2E8 /* ViewController.swift */ = {isa = PBXFileReference; lastKnownFileType = sourcecode.swift; path = ViewController.swift; sourceTree = "<group>"; };
		4F990A021BBFA1C3001FD2E8 /* Base */ = {isa = PBXFileReference; lastKnownFileType = file.storyboard; name = Base; path = Base.lproj/Main.storyboard; sourceTree = "<group>"; };
		4F990A041BBFA1C3001FD2E8 /* Assets.xcassets */ = {isa = PBXFileReference; lastKnownFileType = folder.assetcatalog; path = Assets.xcassets; sourceTree = "<group>"; };
		4F990A071BBFA1C3001FD2E8 /* Base */ = {isa = PBXFileReference; lastKnownFileType = file.storyboard; name = Base; path = Base.lproj/LaunchScreen.storyboard; sourceTree = "<group>"; };
		4F990A091BBFA1C3001FD2E8 /* Info.plist */ = {isa = PBXFileReference; lastKnownFileType = text.plist.xml; path = Info.plist; sourceTree = "<group>"; };
		4FCEE8341BC06F510010DB5E /* refTableViewCell.swift */ = {isa = PBXFileReference; fileEncoding = 4; lastKnownFileType = sourcecode.swift; path = refTableViewCell.swift; sourceTree = "<group>"; };
		4FCEE8381BC070660010DB5E /* refViewController.swift */ = {isa = PBXFileReference; fileEncoding = 4; lastKnownFileType = sourcecode.swift; path = refViewController.swift; sourceTree = "<group>"; };
		B2E4DC1EEEB59186A6C999D2 /* Pods-movieperksfinal.debug.xcconfig */ = {isa = PBXFileReference; includeInIndex = 1; lastKnownFileType = text.xcconfig; name = "Pods-movieperksfinal.debug.xcconfig"; path = "Pods/Target Support Files/Pods-movieperksfinal/Pods-movieperksfinal.debug.xcconfig"; sourceTree = "<group>"; };
/* End PBXFileReference section */

/* Begin PBXFrameworksBuildPhase section */
		4F9909F71BBFA1C2001FD2E8 /* Frameworks */ = {
			isa = PBXFrameworksBuildPhase;
			buildActionMask = 2147483647;
			files = (
				E9FCDF63F5ABF3B7DAE4C657 /* libPods-movieperksfinal.a in Frameworks */,
			);
			runOnlyForDeploymentPostprocessing = 0;
		};
/* End PBXFrameworksBuildPhase section */

/* Begin PBXGroup section */
		15CA92010D1ADD6315EC4225 /* Frameworks */ = {
			isa = PBXGroup;
			children = (
				0AFE86FD1DA2C1295F4F6572 /* libPods-movieperksfinal.a */,
			);
			name = Frameworks;
			sourceTree = "<group>";
		};
		4F9909F11BBFA1C2001FD2E8 = {
			isa = PBXGroup;
			children = (
				4F9909FC1BBFA1C2001FD2E8 /* movieperksfinal */,
				4F9909FB1BBFA1C2001FD2E8 /* Products */,
				6109F9D2807BA9934637181F /* Pods */,
				15CA92010D1ADD6315EC4225 /* Frameworks */,
			);
			sourceTree = "<group>";
		};
		4F9909FB1BBFA1C2001FD2E8 /* Products */ = {
			isa = PBXGroup;
			children = (
				4F9909FA1BBFA1C2001FD2E8 /* movieperksfinal.app */,
			);
			name = Products;
			sourceTree = "<group>";
		};
		4F9909FC1BBFA1C2001FD2E8 /* movieperksfinal */ = {
			isa = PBXGroup;
			children = (
				4F9909FD1BBFA1C3001FD2E8 /* AppDelegate.swift */,
				4FCEE8381BC070660010DB5E /* refViewController.swift */,
				4F9909FF1BBFA1C3001FD2E8 /* ViewController.swift */,
				4F990A011BBFA1C3001FD2E8 /* Main.storyboard */,
				4FCEE8341BC06F510010DB5E /* refTableViewCell.swift */,
				4F990A041BBFA1C3001FD2E8 /* Assets.xcassets */,
				4F990A061BBFA1C3001FD2E8 /* LaunchScreen.storyboard */,
				4F990A091BBFA1C3001FD2E8 /* Info.plist */,
			);
			path = movieperksfinal;
			sourceTree = "<group>";
		};
		6109F9D2807BA9934637181F /* Pods */ = {
			isa = PBXGroup;
			children = (
				B2E4DC1EEEB59186A6C999D2 /* Pods-movieperksfinal.debug.xcconfig */,
				3838BCAEDB6E548E2B5B6B0E /* Pods-movieperksfinal.release.xcconfig */,
			);
			name = Pods;
			sourceTree = "<group>";
		};
/* End PBXGroup section */

/* Begin PBXNativeTarget section */
		4F9909F91BBFA1C2001FD2E8 /* movieperksfinal */ = {
			isa = PBXNativeTarget;
			buildConfigurationList = 4F990A0C1BBFA1C3001FD2E8 /* Build configuration list for PBXNativeTarget "movieperksfinal" */;
			buildPhases = (
				F568F7BAD2A17CAE33DB486C /* Check Pods Manifest.lock */,
				4F9909F61BBFA1C2001FD2E8 /* Sources */,
				4F9909F71BBFA1C2001FD2E8 /* Frameworks */,
				4F9909F81BBFA1C2001FD2E8 /* Resources */,
				2399EAF6B7F7AE92B9AFF27F /* Copy Pods Resources */,
			);
			buildRules = (
			);
			dependencies = (
			);
			name = movieperksfinal;
			productName = movieperksfinal;
			productReference = 4F9909FA1BBFA1C2001FD2E8 /* movieperksfinal.app */;
			productType = "com.apple.product-type.application";
		};
/* End PBXNativeTarget section */

/* Begin PBXProject section */
		4F9909F21BBFA1C2001FD2E8 /* Project object */ = {
			isa = PBXProject;
			attributes = {
				LastUpgradeCheck = 0700;
				ORGANIZATIONNAME = "Noah Marriott";
				TargetAttributes = {
					4F9909F91BBFA1C2001FD2E8 = {
						CreatedOnToolsVersion = 7.0.1;
					};
				};
			};
			buildConfigurationList = 4F9909F51BBFA1C2001FD2E8 /* Build configuration list for PBXProject "movieperksfinal" */;
			compatibilityVersion = "Xcode 3.2";
			developmentRegion = English;
			hasScannedForEncodings = 0;
			knownRegions = (
				en,
				Base,
			);
			mainGroup = 4F9909F11BBFA1C2001FD2E8;
			productRefGroup = 4F9909FB1BBFA1C2001FD2E8 /* Products */;
			projectDirPath = "";
			projectRoot = "";
			targets = (
				4F9909F91BBFA1C2001FD2E8 /* movieperksfinal */,
			);
		};
/* End PBXProject section */

/* Begin PBXResourcesBuildPhase section */
		4F9909F81BBFA1C2001FD2E8 /* Resources */ = {
			isa = PBXResourcesBuildPhase;
			buildActionMask = 2147483647;
			files = (
				4F990A081BBFA1C3001FD2E8 /* LaunchScreen.storyboard in Resources */,
				4F990A051BBFA1C3001FD2E8 /* Assets.xcassets in Resources */,
				4F990A031BBFA1C3001FD2E8 /* Main.storyboard in Resources */,
			);
			runOnlyForDeploymentPostprocessing = 0;
		};
/* End PBXResourcesBuildPhase section */

/* Begin PBXShellScriptBuildPhase section */
		2399EAF6B7F7AE92B9AFF27F /* Copy Pods Resources */ = {
			isa = PBXShellScriptBuildPhase;
			buildActionMask = 2147483647;
			files = (
			);
			inputPaths = (
			);
			name = "Copy Pods Resources";
			outputPaths = (
			);
			runOnlyForDeploymentPostprocessing = 0;
			shellPath = /bin/sh;
			shellScript = "\"${SRCROOT}/Pods/Target Support Files/Pods-movieperksfinal/Pods-movieperksfinal-resources.sh\"\n";
			showEnvVarsInLog = 0;
		};
		F568F7BAD2A17CAE33DB486C /* Check Pods Manifest.lock */ = {
			isa = PBXShellScriptBuildPhase;
			buildActionMask = 2147483647;
			files = (
			);
			inputPaths = (
			);
			name = "Check Pods Manifest.lock";
			outputPaths = (
			);
			runOnlyForDeploymentPostprocessing = 0;
			shellPath = /bin/sh;
			shellScript = "diff \"${PODS_ROOT}/../Podfile.lock\" \"${PODS_ROOT}/Manifest.lock\" > /dev/null\nif [[ $? != 0 ]] ; then\n    cat << EOM\nerror: The sandbox is not in sync with the Podfile.lock. Run 'pod install' or update your CocoaPods installation.\nEOM\n    exit 1\nfi\n";
			showEnvVarsInLog = 0;
		};
/* End PBXShellScriptBuildPhase section */

/* Begin PBXSourcesBuildPhase section */
		4F9909F61BBFA1C2001FD2E8 /* Sources */ = {
			isa = PBXSourcesBuildPhase;
			buildActionMask = 2147483647;
			files = (
				4FCEE8351BC06F510010DB5E /* refTableViewCell.swift in Sources */,
				4F990A001BBFA1C3001FD2E8 /* ViewController.swift in Sources */,
				4FCEE8391BC070660010DB5E /* refViewController.swift in Sources */,
				4F9909FE1BBFA1C3001FD2E8 /* AppDelegate.swift in Sources */,
			);
			runOnlyForDeploymentPostprocessing = 0;
		};
/* End PBXSourcesBuildPhase section */

/* Begin PBXVariantGroup section */
		4F990A011BBFA1C3001FD2E8 /* Main.storyboard */ = {
			isa = PBXVariantGroup;
			children = (
				4F990A021BBFA1C3001FD2E8 /* Base */,
			);
			name = Main.storyboard;
			sourceTree = "<group>";
		};
		4F990A061BBFA1C3001FD2E8 /* LaunchScreen.storyboard */ = {
			isa = PBXVariantGroup;
			children = (
				4F990A071BBFA1C3001FD2E8 /* Base */,
			);
			name = LaunchScreen.storyboard;
			sourceTree = "<group>";
		};
/* End PBXVariantGroup section */

/* Begin XCBuildConfiguration section */
		4F990A0A1BBFA1C3001FD2E8 /* Debug */ = {
			isa = XCBuildConfiguration;
			buildSettings = {
				ALWAYS_SEARCH_USER_PATHS = NO;
				CLANG_CXX_LANGUAGE_STANDARD = "gnu++0x";
				CLANG_CXX_LIBRARY = "libc++";
				CLANG_ENABLE_MODULES = YES;
				CLANG_ENABLE_OBJC_ARC = YES;
				CLANG_WARN_BOOL_CONVERSION = YES;
				CLANG_WARN_CONSTANT_CONVERSION = YES;
				CLANG_WARN_DIRECT_OBJC_ISA_USAGE = YES_ERROR;
				CLANG_WARN_EMPTY_BODY = YES;
				CLANG_WARN_ENUM_CONVERSION = YES;
				CLANG_WARN_INT_CONVERSION = YES;
				CLANG_WARN_OBJC_ROOT_CLASS = YES_ERROR;
				CLANG_WARN_UNREACHABLE_CODE = YES;
				CLANG_WARN__DUPLICATE_METHOD_MATCH = YES;
				"CODE_SIGN_IDENTITY[sdk=iphoneos*]" = "iPhone Developer";
				COPY_PHASE_STRIP = NO;
				DEBUG_INFORMATION_FORMAT = dwarf;
				ENABLE_STRICT_OBJC_MSGSEND = YES;
				ENABLE_TESTABILITY = YES;
				GCC_C_LANGUAGE_STANDARD = gnu99;
				GCC_DYNAMIC_NO_PIC = NO;
				GCC_NO_COMMON_BLOCKS = YES;
				GCC_OPTIMIZATION_LEVEL = 0;
				GCC_PREPROCESSOR_DEFINITIONS = (
					"DEBUG=1",
					"$(inherited)",
				);
				GCC_WARN_64_TO_32_BIT_CONVERSION = YES;
				GCC_WARN_ABOUT_RETURN_TYPE = YES_ERROR;
				GCC_WARN_UNDECLARED_SELECTOR = YES;
				GCC_WARN_UNINITIALIZED_AUTOS = YES_AGGRESSIVE;
				GCC_WARN_UNUSED_FUNCTION = YES;
				GCC_WARN_UNUSED_VARIABLE = YES;
				IPHONEOS_DEPLOYMENT_TARGET = 9.0;
				MTL_ENABLE_DEBUG_INFO = YES;
				ONLY_ACTIVE_ARCH = YES;
				SDKROOT = iphoneos;
				SWIFT_OPTIMIZATION_LEVEL = "-Onone";
			};
			name = Debug;
		};
		4F990A0B1BBFA1C3001FD2E8 /* Release */ = {
			isa = XCBuildConfiguration;
			buildSettings = {
				ALWAYS_SEARCH_USER_PATHS = NO;
				CLANG_CXX_LANGUAGE_STANDARD = "gnu++0x";
				CLANG_CXX_LIBRARY = "libc++";
				CLANG_ENABLE_MODULES = YES;
				CLANG_ENABLE_OBJC_ARC = YES;
				CLANG_WARN_BOOL_CONVERSION = YES;
				CLANG_WARN_CONSTANT_CONVERSION = YES;
				CLANG_WARN_DIRECT_OBJC_ISA_USAGE = YES_ERROR;
				CLANG_WARN_EMPTY_BODY = YES;
				CLANG_WARN_ENUM_CONVERSION = YES;
				CLANG_WARN_INT_CONVERSION = YES;
				CLANG_WARN_OBJC_ROOT_CLASS = YES_ERROR;
				CLANG_WARN_UNREACHABLE_CODE = YES;
				CLANG_WARN__DUPLICATE_METHOD_MATCH = YES;
				"CODE_SIGN_IDENTITY[sdk=iphoneos*]" = "iPhone Developer";
				COPY_PHASE_STRIP = NO;
				DEBUG_INFORMATION_FORMAT = "dwarf-with-dsym";
				ENABLE_NS_ASSERTIONS = NO;
				ENABLE_STRICT_OBJC_MSGSEND = YES;
				GCC_C_LANGUAGE_STANDARD = gnu99;
				GCC_NO_COMMON_BLOCKS = YES;
				GCC_WARN_64_TO_32_BIT_CONVERSION = YES;
				GCC_WARN_ABOUT_RETURN_TYPE = YES_ERROR;
				GCC_WARN_UNDECLARED_SELECTOR = YES;
				GCC_WARN_UNINITIALIZED_AUTOS = YES_AGGRESSIVE;
				GCC_WARN_UNUSED_FUNCTION = YES;
				GCC_WARN_UNUSED_VARIABLE = YES;
				IPHONEOS_DEPLOYMENT_TARGET = 9.0;
				MTL_ENABLE_DEBUG_INFO = NO;
				SDKROOT = iphoneos;
				VALIDATE_PRODUCT = YES;
			};
			name = Release;
		};
		4F990A0D1BBFA1C3001FD2E8 /* Debug */ = {
			isa = XCBuildConfiguration;
			baseConfigurationReference = B2E4DC1EEEB59186A6C999D2 /* Pods-movieperksfinal.debug.xcconfig */;
			buildSettings = {
				ASSETCATALOG_COMPILER_APPICON_NAME = AppIcon;
				INFOPLIST_FILE = movieperksfinal/Info.plist;
				LD_RUNPATH_SEARCH_PATHS = "$(inherited) @executable_path/Frameworks";
				PRODUCT_BUNDLE_IDENTIFIER = com.triyada.movieperksfinal;
				PRODUCT_NAME = "$(TARGET_NAME)";
			};
			name = Debug;
		};
		4F990A0E1BBFA1C3001FD2E8 /* Release */ = {
			isa = XCBuildConfiguration;
			baseConfigurationReference = 3838BCAEDB6E548E2B5B6B0E /* Pods-movieperksfinal.release.xcconfig */;
			buildSettings = {
				ASSETCATALOG_COMPILER_APPICON_NAME = AppIcon;
				INFOPLIST_FILE = movieperksfinal/Info.plist;
				LD_RUNPATH_SEARCH_PATHS = "$(inherited) @executable_path/Frameworks";
				PRODUCT_BUNDLE_IDENTIFIER = com.triyada.movieperksfinal;
				PRODUCT_NAME = "$(TARGET_NAME)";
			};
			name = Release;
		};
/* End XCBuildConfiguration section */

/* Begin XCConfigurationList section */
		4F9909F51BBFA1C2001FD2E8 /* Build configuration list for PBXProject "movieperksfinal" */ = {
			isa = XCConfigurationList;
			buildConfigurations = (
				4F990A0A1BBFA1C3001FD2E8 /* Debug */,
				4F990A0B1BBFA1C3001FD2E8 /* Release */,
			);
			defaultConfigurationIsVisible = 0;
			defaultConfigurationName = Release;
		};
		4F990A0C1BBFA1C3001FD2E8 /* Build configuration list for PBXNativeTarget "movieperksfinal" */ = {
			isa = XCConfigurationList;
			buildConfigurations = (
				4F990A0D1BBFA1C3001FD2E8 /* Debug */,
				4F990A0E1BBFA1C3001FD2E8 /* Release */,
			);
			defaultConfigurationIsVisible = 0;
			defaultConfigurationName = Release;
		};
/* End XCConfigurationList section */
	};
	rootObject = 4F9909F21BBFA1C2001FD2E8 /* Project object */;
}
