// !$*UTF8*$!
{
	archiveVersion = 1;
	classes = {
	};
	objectVersion = 46;
	objects = {

/* Begin PBXBuildFile section */
		4F9A5A741C07873D00C84E44 /* AppDelegate.swift in Sources */ = {isa = PBXBuildFile; fileRef = 4F9A5A731C07873D00C84E44 /* AppDelegate.swift */; };
		4F9A5A761C07873D00C84E44 /* ViewController.swift in Sources */ = {isa = PBXBuildFile; fileRef = 4F9A5A751C07873D00C84E44 /* ViewController.swift */; };
		4F9A5A791C07873D00C84E44 /* Main.storyboard in Resources */ = {isa = PBXBuildFile; fileRef = 4F9A5A771C07873D00C84E44 /* Main.storyboard */; };
		4F9A5A7B1C07873D00C84E44 /* Assets.xcassets in Resources */ = {isa = PBXBuildFile; fileRef = 4F9A5A7A1C07873D00C84E44 /* Assets.xcassets */; };
		4F9A5A7E1C07873D00C84E44 /* LaunchScreen.storyboard in Resources */ = {isa = PBXBuildFile; fileRef = 4F9A5A7C1C07873D00C84E44 /* LaunchScreen.storyboard */; };
		4F9A5A861C07876800C84E44 /* CouchbaseLite.framework in Frameworks */ = {isa = PBXBuildFile; fileRef = 4F9A5A851C07876800C84E44 /* CouchbaseLite.framework */; };
		4F9A5A881C0787BC00C84E44 /* CFNetwork.framework in Frameworks */ = {isa = PBXBuildFile; fileRef = 4F9A5A871C0787BC00C84E44 /* CFNetwork.framework */; };
		4F9A5A8A1C0787D200C84E44 /* Security.framework in Frameworks */ = {isa = PBXBuildFile; fileRef = 4F9A5A891C0787D200C84E44 /* Security.framework */; };
		4F9A5A8C1C0787E600C84E44 /* SystemConfiguration.framework in Frameworks */ = {isa = PBXBuildFile; fileRef = 4F9A5A8B1C0787E600C84E44 /* SystemConfiguration.framework */; };
/* End PBXBuildFile section */

/* Begin PBXFileReference section */
		4F9A5A701C07873D00C84E44 /* trycouchbase.app */ = {isa = PBXFileReference; explicitFileType = wrapper.application; includeInIndex = 0; path = trycouchbase.app; sourceTree = BUILT_PRODUCTS_DIR; };
		4F9A5A731C07873D00C84E44 /* AppDelegate.swift */ = {isa = PBXFileReference; lastKnownFileType = sourcecode.swift; path = AppDelegate.swift; sourceTree = "<group>"; };
		4F9A5A751C07873D00C84E44 /* ViewController.swift */ = {isa = PBXFileReference; lastKnownFileType = sourcecode.swift; path = ViewController.swift; sourceTree = "<group>"; };
		4F9A5A781C07873D00C84E44 /* Base */ = {isa = PBXFileReference; lastKnownFileType = file.storyboard; name = Base; path = Base.lproj/Main.storyboard; sourceTree = "<group>"; };
		4F9A5A7A1C07873D00C84E44 /* Assets.xcassets */ = {isa = PBXFileReference; lastKnownFileType = folder.assetcatalog; path = Assets.xcassets; sourceTree = "<group>"; };
		4F9A5A7D1C07873D00C84E44 /* Base */ = {isa = PBXFileReference; lastKnownFileType = file.storyboard; name = Base; path = Base.lproj/LaunchScreen.storyboard; sourceTree = "<group>"; };
		4F9A5A7F1C07873D00C84E44 /* Info.plist */ = {isa = PBXFileReference; lastKnownFileType = text.plist.xml; path = Info.plist; sourceTree = "<group>"; };
		4F9A5A851C07876800C84E44 /* CouchbaseLite.framework */ = {isa = PBXFileReference; lastKnownFileType = wrapper.framework; path = CouchbaseLite.framework; sourceTree = "<group>"; };
		4F9A5A871C0787BC00C84E44 /* CFNetwork.framework */ = {isa = PBXFileReference; lastKnownFileType = wrapper.framework; name = CFNetwork.framework; path = System/Library/Frameworks/CFNetwork.framework; sourceTree = SDKROOT; };
		4F9A5A891C0787D200C84E44 /* Security.framework */ = {isa = PBXFileReference; lastKnownFileType = wrapper.framework; name = Security.framework; path = System/Library/Frameworks/Security.framework; sourceTree = SDKROOT; };
		4F9A5A8B1C0787E600C84E44 /* SystemConfiguration.framework */ = {isa = PBXFileReference; lastKnownFileType = wrapper.framework; name = SystemConfiguration.framework; path = System/Library/Frameworks/SystemConfiguration.framework; sourceTree = SDKROOT; };
		4F9A5A8D1C07884A00C84E44 /* libsqlite3.tbd */ = {isa = PBXFileReference; lastKnownFileType = "sourcecode.text-based-dylib-definition"; name = libsqlite3.tbd; path = usr/lib/libsqlite3.tbd; sourceTree = SDKROOT; };
/* End PBXFileReference section */

/* Begin PBXFrameworksBuildPhase section */
		4F9A5A6D1C07873D00C84E44 /* Frameworks */ = {
			isa = PBXFrameworksBuildPhase;
			buildActionMask = 2147483647;
			files = (
				4F9A5A8C1C0787E600C84E44 /* SystemConfiguration.framework in Frameworks */,
				4F9A5A8A1C0787D200C84E44 /* Security.framework in Frameworks */,
				4F9A5A881C0787BC00C84E44 /* CFNetwork.framework in Frameworks */,
				4F9A5A861C07876800C84E44 /* CouchbaseLite.framework in Frameworks */,
			);
			runOnlyForDeploymentPostprocessing = 0;
		};
/* End PBXFrameworksBuildPhase section */

/* Begin PBXGroup section */
		4F9A5A671C07873D00C84E44 = {
			isa = PBXGroup;
			children = (
				4F9A5A8D1C07884A00C84E44 /* libsqlite3.tbd */,
				4F9A5A8B1C0787E600C84E44 /* SystemConfiguration.framework */,
				4F9A5A891C0787D200C84E44 /* Security.framework */,
				4F9A5A871C0787BC00C84E44 /* CFNetwork.framework */,
				4F9A5A721C07873D00C84E44 /* trycouchbase */,
				4F9A5A711C07873D00C84E44 /* Products */,
			);
			sourceTree = "<group>";
		};
		4F9A5A711C07873D00C84E44 /* Products */ = {
			isa = PBXGroup;
			children = (
				4F9A5A701C07873D00C84E44 /* trycouchbase.app */,
			);
			name = Products;
			sourceTree = "<group>";
		};
		4F9A5A721C07873D00C84E44 /* trycouchbase */ = {
			isa = PBXGroup;
			children = (
				4F9A5A731C07873D00C84E44 /* AppDelegate.swift */,
				4F9A5A751C07873D00C84E44 /* ViewController.swift */,
				4F9A5A771C07873D00C84E44 /* Main.storyboard */,
				4F9A5A7A1C07873D00C84E44 /* Assets.xcassets */,
				4F9A5A7C1C07873D00C84E44 /* LaunchScreen.storyboard */,
				4F9A5A7F1C07873D00C84E44 /* Info.plist */,
				4F9A5A851C07876800C84E44 /* CouchbaseLite.framework */,
			);
			path = trycouchbase;
			sourceTree = "<group>";
		};
/* End PBXGroup section */

/* Begin PBXNativeTarget section */
		4F9A5A6F1C07873D00C84E44 /* trycouchbase */ = {
			isa = PBXNativeTarget;
			buildConfigurationList = 4F9A5A821C07873D00C84E44 /* Build configuration list for PBXNativeTarget "trycouchbase" */;
			buildPhases = (
				4F9A5A6C1C07873D00C84E44 /* Sources */,
				4F9A5A6D1C07873D00C84E44 /* Frameworks */,
				4F9A5A6E1C07873D00C84E44 /* Resources */,
			);
			buildRules = (
			);
			dependencies = (
			);
			name = trycouchbase;
			productName = trycouchbase;
			productReference = 4F9A5A701C07873D00C84E44 /* trycouchbase.app */;
			productType = "com.apple.product-type.application";
		};
/* End PBXNativeTarget section */

/* Begin PBXProject section */
		4F9A5A681C07873D00C84E44 /* Project object */ = {
			isa = PBXProject;
			attributes = {
				LastSwiftUpdateCheck = 0710;
				LastUpgradeCheck = 0710;
				ORGANIZATIONNAME = "Noah Marriott";
				TargetAttributes = {
					4F9A5A6F1C07873D00C84E44 = {
						CreatedOnToolsVersion = 7.1.1;
					};
				};
			};
			buildConfigurationList = 4F9A5A6B1C07873D00C84E44 /* Build configuration list for PBXProject "trycouchbase" */;
			compatibilityVersion = "Xcode 3.2";
			developmentRegion = English;
			hasScannedForEncodings = 0;
			knownRegions = (
				en,
				Base,
			);
			mainGroup = 4F9A5A671C07873D00C84E44;
			productRefGroup = 4F9A5A711C07873D00C84E44 /* Products */;
			projectDirPath = "";
			projectRoot = "";
			targets = (
				4F9A5A6F1C07873D00C84E44 /* trycouchbase */,
			);
		};
/* End PBXProject section */

/* Begin PBXResourcesBuildPhase section */
		4F9A5A6E1C07873D00C84E44 /* Resources */ = {
			isa = PBXResourcesBuildPhase;
			buildActionMask = 2147483647;
			files = (
				4F9A5A7E1C07873D00C84E44 /* LaunchScreen.storyboard in Resources */,
				4F9A5A7B1C07873D00C84E44 /* Assets.xcassets in Resources */,
				4F9A5A791C07873D00C84E44 /* Main.storyboard in Resources */,
			);
			runOnlyForDeploymentPostprocessing = 0;
		};
/* End PBXResourcesBuildPhase section */

/* Begin PBXSourcesBuildPhase section */
		4F9A5A6C1C07873D00C84E44 /* Sources */ = {
			isa = PBXSourcesBuildPhase;
			buildActionMask = 2147483647;
			files = (
				4F9A5A761C07873D00C84E44 /* ViewController.swift in Sources */,
				4F9A5A741C07873D00C84E44 /* AppDelegate.swift in Sources */,
			);
			runOnlyForDeploymentPostprocessing = 0;
		};
/* End PBXSourcesBuildPhase section */

/* Begin PBXVariantGroup section */
		4F9A5A771C07873D00C84E44 /* Main.storyboard */ = {
			isa = PBXVariantGroup;
			children = (
				4F9A5A781C07873D00C84E44 /* Base */,
			);
			name = Main.storyboard;
			sourceTree = "<group>";
		};
		4F9A5A7C1C07873D00C84E44 /* LaunchScreen.storyboard */ = {
			isa = PBXVariantGroup;
			children = (
				4F9A5A7D1C07873D00C84E44 /* Base */,
			);
			name = LaunchScreen.storyboard;
			sourceTree = "<group>";
		};
/* End PBXVariantGroup section */

/* Begin XCBuildConfiguration section */
		4F9A5A801C07873D00C84E44 /* Debug */ = {
			isa = XCBuildConfiguration;
			buildSettings = {
				ALWAYS_SEARCH_USER_PATHS = NO;
				CLANG_CXX_LANGUAGE_STANDARD = "gnu++0x";
				CLANG_CXX_LIBRARY = "libc++";
				CLANG_ENABLE_MODULES = YES;
				CLANG_ENABLE_OBJC_ARC = YES;
				CLANG_WARN_BOOL_CONVERSION = YES;
				CLANG_WARN_CONSTANT_CONVERSION = YES;
				CLANG_WARN_DIRECT_OBJC_ISA_USAGE = YES_ERROR;
				CLANG_WARN_EMPTY_BODY = YES;
				CLANG_WARN_ENUM_CONVERSION = YES;
				CLANG_WARN_INT_CONVERSION = YES;
				CLANG_WARN_OBJC_ROOT_CLASS = YES_ERROR;
				CLANG_WARN_UNREACHABLE_CODE = YES;
				CLANG_WARN__DUPLICATE_METHOD_MATCH = YES;
				"CODE_SIGN_IDENTITY[sdk=iphoneos*]" = "iPhone Developer";
				COPY_PHASE_STRIP = NO;
				DEBUG_INFORMATION_FORMAT = dwarf;
				ENABLE_STRICT_OBJC_MSGSEND = YES;
				ENABLE_TESTABILITY = YES;
				GCC_C_LANGUAGE_STANDARD = gnu99;
				GCC_DYNAMIC_NO_PIC = NO;
				GCC_NO_COMMON_BLOCKS = YES;
				GCC_OPTIMIZATION_LEVEL = 0;
				GCC_PREPROCESSOR_DEFINITIONS = (
					"DEBUG=1",
					"$(inherited)",
				);
				GCC_WARN_64_TO_32_BIT_CONVERSION = YES;
				GCC_WARN_ABOUT_RETURN_TYPE = YES_ERROR;
				GCC_WARN_UNDECLARED_SELECTOR = YES;
				GCC_WARN_UNINITIALIZED_AUTOS = YES_AGGRESSIVE;
				GCC_WARN_UNUSED_FUNCTION = YES;
				GCC_WARN_UNUSED_VARIABLE = YES;
				IPHONEOS_DEPLOYMENT_TARGET = 9.1;
				MTL_ENABLE_DEBUG_INFO = YES;
				ONLY_ACTIVE_ARCH = YES;
				SDKROOT = iphoneos;
				SWIFT_OPTIMIZATION_LEVEL = "-Onone";
				TARGETED_DEVICE_FAMILY = "1,2";
			};
			name = Debug;
		};
		4F9A5A811C07873D00C84E44 /* Release */ = {
			isa = XCBuildConfiguration;
			buildSettings = {
				ALWAYS_SEARCH_USER_PATHS = NO;
				CLANG_CXX_LANGUAGE_STANDARD = "gnu++0x";
				CLANG_CXX_LIBRARY = "libc++";
				CLANG_ENABLE_MODULES = YES;
				CLANG_ENABLE_OBJC_ARC = YES;
				CLANG_WARN_BOOL_CONVERSION = YES;
				CLANG_WARN_CONSTANT_CONVERSION = YES;
				CLANG_WARN_DIRECT_OBJC_ISA_USAGE = YES_ERROR;
				CLANG_WARN_EMPTY_BODY = YES;
				CLANG_WARN_ENUM_CONVERSION = YES;
				CLANG_WARN_INT_CONVERSION = YES;
				CLANG_WARN_OBJC_ROOT_CLASS = YES_ERROR;
				CLANG_WARN_UNREACHABLE_CODE = YES;
				CLANG_WARN__DUPLICATE_METHOD_MATCH = YES;
				"CODE_SIGN_IDENTITY[sdk=iphoneos*]" = "iPhone Developer";
				COPY_PHASE_STRIP = NO;
				DEBUG_INFORMATION_FORMAT = "dwarf-with-dsym";
				ENABLE_NS_ASSERTIONS = NO;
				ENABLE_STRICT_OBJC_MSGSEND = YES;
				GCC_C_LANGUAGE_STANDARD = gnu99;
				GCC_NO_COMMON_BLOCKS = YES;
				GCC_WARN_64_TO_32_BIT_CONVERSION = YES;
				GCC_WARN_ABOUT_RETURN_TYPE = YES_ERROR;
				GCC_WARN_UNDECLARED_SELECTOR = YES;
				GCC_WARN_UNINITIALIZED_AUTOS = YES_AGGRESSIVE;
				GCC_WARN_UNUSED_FUNCTION = YES;
				GCC_WARN_UNUSED_VARIABLE = YES;
				IPHONEOS_DEPLOYMENT_TARGET = 9.1;
				MTL_ENABLE_DEBUG_INFO = NO;
				SDKROOT = iphoneos;
				TARGETED_DEVICE_FAMILY = "1,2";
				VALIDATE_PRODUCT = YES;
			};
			name = Release;
		};
		4F9A5A831C07873D00C84E44 /* Debug */ = {
			isa = XCBuildConfiguration;
			buildSettings = {
				ASSETCATALOG_COMPILER_APPICON_NAME = AppIcon;
				FRAMEWORK_SEARCH_PATHS = (
					"$(inherited)",
					"$(PROJECT_DIR)/trycouchbase",
				);
				INFOPLIST_FILE = trycouchbase/Info.plist;
				LD_RUNPATH_SEARCH_PATHS = "$(inherited) @executable_path/Frameworks";
				PRODUCT_BUNDLE_IDENTIFIER = com.triyada.trycouchbase;
				PRODUCT_NAME = "$(TARGET_NAME)";
			};
			name = Debug;
		};
		4F9A5A841C07873D00C84E44 /* Release */ = {
			isa = XCBuildConfiguration;
			buildSettings = {
				ASSETCATALOG_COMPILER_APPICON_NAME = AppIcon;
				FRAMEWORK_SEARCH_PATHS = (
					"$(inherited)",
					"$(PROJECT_DIR)/trycouchbase",
				);
				INFOPLIST_FILE = trycouchbase/Info.plist;
				LD_RUNPATH_SEARCH_PATHS = "$(inherited) @executable_path/Frameworks";
				PRODUCT_BUNDLE_IDENTIFIER = com.triyada.trycouchbase;
				PRODUCT_NAME = "$(TARGET_NAME)";
			};
			name = Release;
		};
/* End XCBuildConfiguration section */

/* Begin XCConfigurationList section */
		4F9A5A6B1C07873D00C84E44 /* Build configuration list for PBXProject "trycouchbase" */ = {
			isa = XCConfigurationList;
			buildConfigurations = (
				4F9A5A801C07873D00C84E44 /* Debug */,
				4F9A5A811C07873D00C84E44 /* Release */,
			);
			defaultConfigurationIsVisible = 0;
			defaultConfigurationName = Release;
		};
		4F9A5A821C07873D00C84E44 /* Build configuration list for PBXNativeTarget "trycouchbase" */ = {
			isa = XCConfigurationList;
			buildConfigurations = (
				4F9A5A831C07873D00C84E44 /* Debug */,
				4F9A5A841C07873D00C84E44 /* Release */,
			);
			defaultConfigurationIsVisible = 0;
		};
/* End XCConfigurationList section */
	};
	rootObject = 4F9A5A681C07873D00C84E44 /* Project object */;
}
