// !$*UTF8*$!
{
	archiveVersion = 1;
	classes = {
	};
	objectVersion = 46;
	objects = {

/* Begin PBXBuildFile section */
		17043A92B13648862922FB1C /* libPods-geofence.a in Frameworks */ = {isa = PBXBuildFile; fileRef = E16DE96704AE9FE7FF78BAEC /* libPods-geofence.a */; };
		4FA3E22D1B9C380D00826499 /* AppDelegate.swift in Sources */ = {isa = PBXBuildFile; fileRef = 4FA3E22C1B9C380D00826499 /* AppDelegate.swift */; };
		4FA3E22F1B9C380D00826499 /* ViewController.swift in Sources */ = {isa = PBXBuildFile; fileRef = 4FA3E22E1B9C380D00826499 /* ViewController.swift */; };
		4FA3E2321B9C380D00826499 /* Main.storyboard in Resources */ = {isa = PBXBuildFile; fileRef = 4FA3E2301B9C380D00826499 /* Main.storyboard */; };
		4FA3E2341B9C380D00826499 /* Images.xcassets in Resources */ = {isa = PBXBuildFile; fileRef = 4FA3E2331B9C380D00826499 /* Images.xcassets */; };
		4FA3E2371B9C380D00826499 /* LaunchScreen.xib in Resources */ = {isa = PBXBuildFile; fileRef = 4FA3E2351B9C380D00826499 /* LaunchScreen.xib */; };
		4FA3E2431B9C380E00826499 /* geofenceTests.swift in Sources */ = {isa = PBXBuildFile; fileRef = 4FA3E2421B9C380E00826499 /* geofenceTests.swift */; };
/* End PBXBuildFile section */

/* Begin PBXContainerItemProxy section */
		4FA3E23D1B9C380E00826499 /* PBXContainerItemProxy */ = {
			isa = PBXContainerItemProxy;
			containerPortal = 4FA3E21F1B9C380D00826499 /* Project object */;
			proxyType = 1;
			remoteGlobalIDString = 4FA3E2261B9C380D00826499;
			remoteInfo = geofence;
		};
/* End PBXContainerItemProxy section */

/* Begin PBXFileReference section */
		4FA3E2271B9C380D00826499 /* geofence.app */ = {isa = PBXFileReference; explicitFileType = wrapper.application; includeInIndex = 0; path = geofence.app; sourceTree = BUILT_PRODUCTS_DIR; };
		4FA3E22B1B9C380D00826499 /* Info.plist */ = {isa = PBXFileReference; lastKnownFileType = text.plist.xml; path = Info.plist; sourceTree = "<group>"; };
		4FA3E22C1B9C380D00826499 /* AppDelegate.swift */ = {isa = PBXFileReference; lastKnownFileType = sourcecode.swift; path = AppDelegate.swift; sourceTree = "<group>"; };
		4FA3E22E1B9C380D00826499 /* ViewController.swift */ = {isa = PBXFileReference; lastKnownFileType = sourcecode.swift; path = ViewController.swift; sourceTree = "<group>"; };
		4FA3E2311B9C380D00826499 /* Base */ = {isa = PBXFileReference; lastKnownFileType = file.storyboard; name = Base; path = Base.lproj/Main.storyboard; sourceTree = "<group>"; };
		4FA3E2331B9C380D00826499 /* Images.xcassets */ = {isa = PBXFileReference; lastKnownFileType = folder.assetcatalog; path = Images.xcassets; sourceTree = "<group>"; };
		4FA3E2361B9C380D00826499 /* Base */ = {isa = PBXFileReference; lastKnownFileType = file.xib; name = Base; path = Base.lproj/LaunchScreen.xib; sourceTree = "<group>"; };
		4FA3E23C1B9C380E00826499 /* geofenceTests.xctest */ = {isa = PBXFileReference; explicitFileType = wrapper.cfbundle; includeInIndex = 0; path = geofenceTests.xctest; sourceTree = BUILT_PRODUCTS_DIR; };
		4FA3E2411B9C380E00826499 /* Info.plist */ = {isa = PBXFileReference; lastKnownFileType = text.plist.xml; path = Info.plist; sourceTree = "<group>"; };
		4FA3E2421B9C380E00826499 /* geofenceTests.swift */ = {isa = PBXFileReference; lastKnownFileType = sourcecode.swift; path = geofenceTests.swift; sourceTree = "<group>"; };
		4FA3E24E1B9C3F4700826499 /* hello.h */ = {isa = PBXFileReference; lastKnownFileType = sourcecode.c.h; path = hello.h; sourceTree = "<group>"; };
		A48AC0FDB1CD9EE88E694495 /* Pods-geofence.release.xcconfig */ = {isa = PBXFileReference; includeInIndex = 1; lastKnownFileType = text.xcconfig; name = "Pods-geofence.release.xcconfig"; path = "Pods/Target Support Files/Pods-geofence/Pods-geofence.release.xcconfig"; sourceTree = "<group>"; };
		D88C02F14C17C8E7AF78CA81 /* Pods-geofence.debug.xcconfig */ = {isa = PBXFileReference; includeInIndex = 1; lastKnownFileType = text.xcconfig; name = "Pods-geofence.debug.xcconfig"; path = "Pods/Target Support Files/Pods-geofence/Pods-geofence.debug.xcconfig"; sourceTree = "<group>"; };
		E16DE96704AE9FE7FF78BAEC /* libPods-geofence.a */ = {isa = PBXFileReference; explicitFileType = archive.ar; includeInIndex = 0; path = "libPods-geofence.a"; sourceTree = BUILT_PRODUCTS_DIR; };
/* End PBXFileReference section */

/* Begin PBXFrameworksBuildPhase section */
		4FA3E2241B9C380D00826499 /* Frameworks */ = {
			isa = PBXFrameworksBuildPhase;
			buildActionMask = 2147483647;
			files = (
				17043A92B13648862922FB1C /* libPods-geofence.a in Frameworks */,
			);
			runOnlyForDeploymentPostprocessing = 0;
		};
		4FA3E2391B9C380E00826499 /* Frameworks */ = {
			isa = PBXFrameworksBuildPhase;
			buildActionMask = 2147483647;
			files = (
			);
			runOnlyForDeploymentPostprocessing = 0;
		};
/* End PBXFrameworksBuildPhase section */

/* Begin PBXGroup section */
		2AE2447DB44FB5BCFAEA3EDA /* Pods */ = {
			isa = PBXGroup;
			children = (
				D88C02F14C17C8E7AF78CA81 /* Pods-geofence.debug.xcconfig */,
				A48AC0FDB1CD9EE88E694495 /* Pods-geofence.release.xcconfig */,
			);
			name = Pods;
			sourceTree = "<group>";
		};
		2CDDB2BB235B9FF943442045 /* Frameworks */ = {
			isa = PBXGroup;
			children = (
				E16DE96704AE9FE7FF78BAEC /* libPods-geofence.a */,
			);
			name = Frameworks;
			sourceTree = "<group>";
		};
		4FA3E21E1B9C380D00826499 = {
			isa = PBXGroup;
			children = (
				4FA3E2291B9C380D00826499 /* geofence */,
				4FA3E23F1B9C380E00826499 /* geofenceTests */,
				4FA3E2281B9C380D00826499 /* Products */,
				2AE2447DB44FB5BCFAEA3EDA /* Pods */,
				2CDDB2BB235B9FF943442045 /* Frameworks */,
			);
			sourceTree = "<group>";
		};
		4FA3E2281B9C380D00826499 /* Products */ = {
			isa = PBXGroup;
			children = (
				4FA3E2271B9C380D00826499 /* geofence.app */,
				4FA3E23C1B9C380E00826499 /* geofenceTests.xctest */,
			);
			name = Products;
			sourceTree = "<group>";
		};
		4FA3E2291B9C380D00826499 /* geofence */ = {
			isa = PBXGroup;
			children = (
				4FA3E22C1B9C380D00826499 /* AppDelegate.swift */,
				4FA3E22E1B9C380D00826499 /* ViewController.swift */,
				4FA3E24E1B9C3F4700826499 /* hello.h */,
				4FA3E2301B9C380D00826499 /* Main.storyboard */,
				4FA3E2331B9C380D00826499 /* Images.xcassets */,
				4FA3E2351B9C380D00826499 /* LaunchScreen.xib */,
				4FA3E22A1B9C380D00826499 /* Supporting Files */,
			);
			path = geofence;
			sourceTree = "<group>";
		};
		4FA3E22A1B9C380D00826499 /* Supporting Files */ = {
			isa = PBXGroup;
			children = (
				4FA3E22B1B9C380D00826499 /* Info.plist */,
			);
			name = "Supporting Files";
			sourceTree = "<group>";
		};
		4FA3E23F1B9C380E00826499 /* geofenceTests */ = {
			isa = PBXGroup;
			children = (
				4FA3E2421B9C380E00826499 /* geofenceTests.swift */,
				4FA3E2401B9C380E00826499 /* Supporting Files */,
			);
			path = geofenceTests;
			sourceTree = "<group>";
		};
		4FA3E2401B9C380E00826499 /* Supporting Files */ = {
			isa = PBXGroup;
			children = (
				4FA3E2411B9C380E00826499 /* Info.plist */,
			);
			name = "Supporting Files";
			sourceTree = "<group>";
		};
/* End PBXGroup section */

/* Begin PBXNativeTarget section */
		4FA3E2261B9C380D00826499 /* geofence */ = {
			isa = PBXNativeTarget;
			buildConfigurationList = 4FA3E2461B9C380E00826499 /* Build configuration list for PBXNativeTarget "geofence" */;
			buildPhases = (
				F26DE3E5F525AD18FE925671 /* Check Pods Manifest.lock */,
				4FA3E2231B9C380D00826499 /* Sources */,
				4FA3E2241B9C380D00826499 /* Frameworks */,
				4FA3E2251B9C380D00826499 /* Resources */,
				1813FFE68BB87F8D2DFD68AC /* Copy Pods Resources */,
			);
			buildRules = (
			);
			dependencies = (
			);
			name = geofence;
			productName = geofence;
			productReference = 4FA3E2271B9C380D00826499 /* geofence.app */;
			productType = "com.apple.product-type.application";
		};
		4FA3E23B1B9C380E00826499 /* geofenceTests */ = {
			isa = PBXNativeTarget;
			buildConfigurationList = 4FA3E2491B9C380E00826499 /* Build configuration list for PBXNativeTarget "geofenceTests" */;
			buildPhases = (
				4FA3E2381B9C380E00826499 /* Sources */,
				4FA3E2391B9C380E00826499 /* Frameworks */,
				4FA3E23A1B9C380E00826499 /* Resources */,
			);
			buildRules = (
			);
			dependencies = (
				4FA3E23E1B9C380E00826499 /* PBXTargetDependency */,
			);
			name = geofenceTests;
			productName = geofenceTests;
			productReference = 4FA3E23C1B9C380E00826499 /* geofenceTests.xctest */;
			productType = "com.apple.product-type.bundle.unit-test";
		};
/* End PBXNativeTarget section */

/* Begin PBXProject section */
		4FA3E21F1B9C380D00826499 /* Project object */ = {
			isa = PBXProject;
			attributes = {
				LastUpgradeCheck = 0640;
				ORGANIZATIONNAME = "Noah Marriott";
				TargetAttributes = {
					4FA3E2261B9C380D00826499 = {
						CreatedOnToolsVersion = 6.4;
					};
					4FA3E23B1B9C380E00826499 = {
						CreatedOnToolsVersion = 6.4;
						TestTargetID = 4FA3E2261B9C380D00826499;
					};
				};
			};
			buildConfigurationList = 4FA3E2221B9C380D00826499 /* Build configuration list for PBXProject "geofence" */;
			compatibilityVersion = "Xcode 3.2";
			developmentRegion = English;
			hasScannedForEncodings = 0;
			knownRegions = (
				en,
				Base,
			);
			mainGroup = 4FA3E21E1B9C380D00826499;
			productRefGroup = 4FA3E2281B9C380D00826499 /* Products */;
			projectDirPath = "";
			projectRoot = "";
			targets = (
				4FA3E2261B9C380D00826499 /* geofence */,
				4FA3E23B1B9C380E00826499 /* geofenceTests */,
			);
		};
/* End PBXProject section */

/* Begin PBXResourcesBuildPhase section */
		4FA3E2251B9C380D00826499 /* Resources */ = {
			isa = PBXResourcesBuildPhase;
			buildActionMask = 2147483647;
			files = (
				4FA3E2321B9C380D00826499 /* Main.storyboard in Resources */,
				4FA3E2371B9C380D00826499 /* LaunchScreen.xib in Resources */,
				4FA3E2341B9C380D00826499 /* Images.xcassets in Resources */,
			);
			runOnlyForDeploymentPostprocessing = 0;
		};
		4FA3E23A1B9C380E00826499 /* Resources */ = {
			isa = PBXResourcesBuildPhase;
			buildActionMask = 2147483647;
			files = (
			);
			runOnlyForDeploymentPostprocessing = 0;
		};
/* End PBXResourcesBuildPhase section */

/* Begin PBXShellScriptBuildPhase section */
		1813FFE68BB87F8D2DFD68AC /* Copy Pods Resources */ = {
			isa = PBXShellScriptBuildPhase;
			buildActionMask = 2147483647;
			files = (
			);
			inputPaths = (
			);
			name = "Copy Pods Resources";
			outputPaths = (
			);
			runOnlyForDeploymentPostprocessing = 0;
			shellPath = /bin/sh;
			shellScript = "\"${SRCROOT}/Pods/Target Support Files/Pods-geofence/Pods-geofence-resources.sh\"\n";
			showEnvVarsInLog = 0;
		};
		F26DE3E5F525AD18FE925671 /* Check Pods Manifest.lock */ = {
			isa = PBXShellScriptBuildPhase;
			buildActionMask = 2147483647;
			files = (
			);
			inputPaths = (
			);
			name = "Check Pods Manifest.lock";
			outputPaths = (
			);
			runOnlyForDeploymentPostprocessing = 0;
			shellPath = /bin/sh;
			shellScript = "diff \"${PODS_ROOT}/../Podfile.lock\" \"${PODS_ROOT}/Manifest.lock\" > /dev/null\nif [[ $? != 0 ]] ; then\n    cat << EOM\nerror: The sandbox is not in sync with the Podfile.lock. Run 'pod install' or update your CocoaPods installation.\nEOM\n    exit 1\nfi\n";
			showEnvVarsInLog = 0;
		};
/* End PBXShellScriptBuildPhase section */

/* Begin PBXSourcesBuildPhase section */
		4FA3E2231B9C380D00826499 /* Sources */ = {
			isa = PBXSourcesBuildPhase;
			buildActionMask = 2147483647;
			files = (
				4FA3E22F1B9C380D00826499 /* ViewController.swift in Sources */,
				4FA3E22D1B9C380D00826499 /* AppDelegate.swift in Sources */,
			);
			runOnlyForDeploymentPostprocessing = 0;
		};
		4FA3E2381B9C380E00826499 /* Sources */ = {
			isa = PBXSourcesBuildPhase;
			buildActionMask = 2147483647;
			files = (
				4FA3E2431B9C380E00826499 /* geofenceTests.swift in Sources */,
			);
			runOnlyForDeploymentPostprocessing = 0;
		};
/* End PBXSourcesBuildPhase section */

/* Begin PBXTargetDependency section */
		4FA3E23E1B9C380E00826499 /* PBXTargetDependency */ = {
			isa = PBXTargetDependency;
			target = 4FA3E2261B9C380D00826499 /* geofence */;
			targetProxy = 4FA3E23D1B9C380E00826499 /* PBXContainerItemProxy */;
		};
/* End PBXTargetDependency section */

/* Begin PBXVariantGroup section */
		4FA3E2301B9C380D00826499 /* Main.storyboard */ = {
			isa = PBXVariantGroup;
			children = (
				4FA3E2311B9C380D00826499 /* Base */,
			);
			name = Main.storyboard;
			sourceTree = "<group>";
		};
		4FA3E2351B9C380D00826499 /* LaunchScreen.xib */ = {
			isa = PBXVariantGroup;
			children = (
				4FA3E2361B9C380D00826499 /* Base */,
			);
			name = LaunchScreen.xib;
			sourceTree = "<group>";
		};
/* End PBXVariantGroup section */

/* Begin XCBuildConfiguration section */
		4FA3E2441B9C380E00826499 /* Debug */ = {
			isa = XCBuildConfiguration;
			buildSettings = {
				ALWAYS_SEARCH_USER_PATHS = NO;
				CLANG_CXX_LANGUAGE_STANDARD = "gnu++0x";
				CLANG_CXX_LIBRARY = "libc++";
				CLANG_ENABLE_MODULES = YES;
				CLANG_ENABLE_OBJC_ARC = YES;
				CLANG_WARN_BOOL_CONVERSION = YES;
				CLANG_WARN_CONSTANT_CONVERSION = YES;
				CLANG_WARN_DIRECT_OBJC_ISA_USAGE = YES_ERROR;
				CLANG_WARN_EMPTY_BODY = YES;
				CLANG_WARN_ENUM_CONVERSION = YES;
				CLANG_WARN_INT_CONVERSION = YES;
				CLANG_WARN_OBJC_ROOT_CLASS = YES_ERROR;
				CLANG_WARN_UNREACHABLE_CODE = YES;
				CLANG_WARN__DUPLICATE_METHOD_MATCH = YES;
				"CODE_SIGN_IDENTITY[sdk=iphoneos*]" = "iPhone Developer";
				COPY_PHASE_STRIP = NO;
				DEBUG_INFORMATION_FORMAT = "dwarf-with-dsym";
				ENABLE_STRICT_OBJC_MSGSEND = YES;
				GCC_C_LANGUAGE_STANDARD = gnu99;
				GCC_DYNAMIC_NO_PIC = NO;
				GCC_NO_COMMON_BLOCKS = YES;
				GCC_OPTIMIZATION_LEVEL = 0;
				GCC_PREPROCESSOR_DEFINITIONS = (
					"DEBUG=1",
					"$(inherited)",
				);
				GCC_SYMBOLS_PRIVATE_EXTERN = NO;
				GCC_WARN_64_TO_32_BIT_CONVERSION = YES;
				GCC_WARN_ABOUT_RETURN_TYPE = YES_ERROR;
				GCC_WARN_UNDECLARED_SELECTOR = YES;
				GCC_WARN_UNINITIALIZED_AUTOS = YES_AGGRESSIVE;
				GCC_WARN_UNUSED_FUNCTION = YES;
				GCC_WARN_UNUSED_VARIABLE = YES;
				IPHONEOS_DEPLOYMENT_TARGET = 8.4;
				MTL_ENABLE_DEBUG_INFO = YES;
				ONLY_ACTIVE_ARCH = YES;
				SDKROOT = iphoneos;
				SWIFT_OPTIMIZATION_LEVEL = "-Onone";
				TARGETED_DEVICE_FAMILY = "1,2";
			};
			name = Debug;
		};
		4FA3E2451B9C380E00826499 /* Release */ = {
			isa = XCBuildConfiguration;
			buildSettings = {
				ALWAYS_SEARCH_USER_PATHS = NO;
				CLANG_CXX_LANGUAGE_STANDARD = "gnu++0x";
				CLANG_CXX_LIBRARY = "libc++";
				CLANG_ENABLE_MODULES = YES;
				CLANG_ENABLE_OBJC_ARC = YES;
				CLANG_WARN_BOOL_CONVERSION = YES;
				CLANG_WARN_CONSTANT_CONVERSION = YES;
				CLANG_WARN_DIRECT_OBJC_ISA_USAGE = YES_ERROR;
				CLANG_WARN_EMPTY_BODY = YES;
				CLANG_WARN_ENUM_CONVERSION = YES;
				CLANG_WARN_INT_CONVERSION = YES;
				CLANG_WARN_OBJC_ROOT_CLASS = YES_ERROR;
				CLANG_WARN_UNREACHABLE_CODE = YES;
				CLANG_WARN__DUPLICATE_METHOD_MATCH = YES;
				"CODE_SIGN_IDENTITY[sdk=iphoneos*]" = "iPhone Developer";
				COPY_PHASE_STRIP = NO;
				DEBUG_INFORMATION_FORMAT = "dwarf-with-dsym";
				ENABLE_NS_ASSERTIONS = NO;
				ENABLE_STRICT_OBJC_MSGSEND = YES;
				GCC_C_LANGUAGE_STANDARD = gnu99;
				GCC_NO_COMMON_BLOCKS = YES;
				GCC_WARN_64_TO_32_BIT_CONVERSION = YES;
				GCC_WARN_ABOUT_RETURN_TYPE = YES_ERROR;
				GCC_WARN_UNDECLARED_SELECTOR = YES;
				GCC_WARN_UNINITIALIZED_AUTOS = YES_AGGRESSIVE;
				GCC_WARN_UNUSED_FUNCTION = YES;
				GCC_WARN_UNUSED_VARIABLE = YES;
				IPHONEOS_DEPLOYMENT_TARGET = 8.4;
				MTL_ENABLE_DEBUG_INFO = NO;
				SDKROOT = iphoneos;
				TARGETED_DEVICE_FAMILY = "1,2";
				VALIDATE_PRODUCT = YES;
			};
			name = Release;
		};
		4FA3E2471B9C380E00826499 /* Debug */ = {
			isa = XCBuildConfiguration;
			baseConfigurationReference = D88C02F14C17C8E7AF78CA81 /* Pods-geofence.debug.xcconfig */;
			buildSettings = {
				ASSETCATALOG_COMPILER_APPICON_NAME = AppIcon;
				INFOPLIST_FILE = geofence/Info.plist;
				LD_RUNPATH_SEARCH_PATHS = "$(inherited) @executable_path/Frameworks";
				PRODUCT_NAME = "$(TARGET_NAME)";
				SWIFT_OBJC_BRIDGING_HEADER = geofence/hello.h;
				USER_HEADER_SEARCH_PATHS = "";
			};
			name = Debug;
		};
		4FA3E2481B9C380E00826499 /* Release */ = {
			isa = XCBuildConfiguration;
			baseConfigurationReference = A48AC0FDB1CD9EE88E694495 /* Pods-geofence.release.xcconfig */;
			buildSettings = {
				ASSETCATALOG_COMPILER_APPICON_NAME = AppIcon;
				INFOPLIST_FILE = geofence/Info.plist;
				LD_RUNPATH_SEARCH_PATHS = "$(inherited) @executable_path/Frameworks";
				PRODUCT_NAME = "$(TARGET_NAME)";
				SWIFT_OBJC_BRIDGING_HEADER = geofence/hello.h;
				USER_HEADER_SEARCH_PATHS = "";
			};
			name = Release;
		};
		4FA3E24A1B9C380E00826499 /* Debug */ = {
			isa = XCBuildConfiguration;
			buildSettings = {
				BUNDLE_LOADER = "$(TEST_HOST)";
				FRAMEWORK_SEARCH_PATHS = (
					"$(SDKROOT)/Developer/Library/Frameworks",
					"$(inherited)",
				);
				GCC_PREPROCESSOR_DEFINITIONS = (
					"DEBUG=1",
					"$(inherited)",
				);
				INFOPLIST_FILE = geofenceTests/Info.plist;
				LD_RUNPATH_SEARCH_PATHS = "$(inherited) @executable_path/Frameworks @loader_path/Frameworks";
				PRODUCT_NAME = "$(TARGET_NAME)";
				TEST_HOST = "$(BUILT_PRODUCTS_DIR)/geofence.app/geofence";
			};
			name = Debug;
		};
		4FA3E24B1B9C380E00826499 /* Release */ = {
			isa = XCBuildConfiguration;
			buildSettings = {
				BUNDLE_LOADER = "$(TEST_HOST)";
				FRAMEWORK_SEARCH_PATHS = (
					"$(SDKROOT)/Developer/Library/Frameworks",
					"$(inherited)",
				);
				INFOPLIST_FILE = geofenceTests/Info.plist;
				LD_RUNPATH_SEARCH_PATHS = "$(inherited) @executable_path/Frameworks @loader_path/Frameworks";
				PRODUCT_NAME = "$(TARGET_NAME)";
				TEST_HOST = "$(BUILT_PRODUCTS_DIR)/geofence.app/geofence";
			};
			name = Release;
		};
/* End XCBuildConfiguration section */

/* Begin XCConfigurationList section */
		4FA3E2221B9C380D00826499 /* Build configuration list for PBXProject "geofence" */ = {
			isa = XCConfigurationList;
			buildConfigurations = (
				4FA3E2441B9C380E00826499 /* Debug */,
				4FA3E2451B9C380E00826499 /* Release */,
			);
			defaultConfigurationIsVisible = 0;
			defaultConfigurationName = Release;
		};
		4FA3E2461B9C380E00826499 /* Build configuration list for PBXNativeTarget "geofence" */ = {
			isa = XCConfigurationList;
			buildConfigurations = (
				4FA3E2471B9C380E00826499 /* Debug */,
				4FA3E2481B9C380E00826499 /* Release */,
			);
			defaultConfigurationIsVisible = 0;
			defaultConfigurationName = Release;
		};
		4FA3E2491B9C380E00826499 /* Build configuration list for PBXNativeTarget "geofenceTests" */ = {
			isa = XCConfigurationList;
			buildConfigurations = (
				4FA3E24A1B9C380E00826499 /* Debug */,
				4FA3E24B1B9C380E00826499 /* Release */,
			);
			defaultConfigurationIsVisible = 0;
			defaultConfigurationName = Release;
		};
/* End XCConfigurationList section */
	};
	rootObject = 4FA3E21F1B9C380D00826499 /* Project object */;
}
