// !$*UTF8*$!
{
	archiveVersion = 1;
	classes = {
	};
	objectVersion = 46;
	objects = {

/* Begin PBXBuildFile section */
		4F2901DC1C6807410082BA75 /* AppDelegate.swift in Sources */ = {isa = PBXBuildFile; fileRef = 4F2901DB1C6807410082BA75 /* AppDelegate.swift */; };
		4F2901E11C6807410082BA75 /* Main.storyboard in Resources */ = {isa = PBXBuildFile; fileRef = 4F2901DF1C6807410082BA75 /* Main.storyboard */; };
		4F2901E31C6807410082BA75 /* Assets.xcassets in Resources */ = {isa = PBXBuildFile; fileRef = 4F2901E21C6807410082BA75 /* Assets.xcassets */; };
		4F2901E61C6807410082BA75 /* LaunchScreen.storyboard in Resources */ = {isa = PBXBuildFile; fileRef = 4F2901E41C6807410082BA75 /* LaunchScreen.storyboard */; };
		4F2901EE1C680FDF0082BA75 /* mainViewController.swift in Sources */ = {isa = PBXBuildFile; fileRef = 4F2901ED1C680FDF0082BA75 /* mainViewController.swift */; };
		4F2901F01C6810130082BA75 /* mainTableViewCell.swift in Sources */ = {isa = PBXBuildFile; fileRef = 4F2901EF1C6810130082BA75 /* mainTableViewCell.swift */; };
		4F2901F21C68116F0082BA75 /* food.swift in Sources */ = {isa = PBXBuildFile; fileRef = 4F2901F11C68116F0082BA75 /* food.swift */; };
		4F2901F61C6821110082BA75 /* checkinViewController.swift in Sources */ = {isa = PBXBuildFile; fileRef = 4F2901F51C6821110082BA75 /* checkinViewController.swift */; };
		4F2901F81C68235B0082BA75 /* CoreLocation.framework in Frameworks */ = {isa = PBXBuildFile; fileRef = 4F2901F71C68235B0082BA75 /* CoreLocation.framework */; };
		4F2901FA1C6826690082BA75 /* notify.swift in Sources */ = {isa = PBXBuildFile; fileRef = 4F2901F91C6826690082BA75 /* notify.swift */; };
/* End PBXBuildFile section */

/* Begin PBXFileReference section */
		4F2901D81C6807410082BA75 /* tablebeacon.app */ = {isa = PBXFileReference; explicitFileType = wrapper.application; includeInIndex = 0; path = tablebeacon.app; sourceTree = BUILT_PRODUCTS_DIR; };
		4F2901DB1C6807410082BA75 /* AppDelegate.swift */ = {isa = PBXFileReference; lastKnownFileType = sourcecode.swift; path = AppDelegate.swift; sourceTree = "<group>"; };
		4F2901E01C6807410082BA75 /* Base */ = {isa = PBXFileReference; lastKnownFileType = file.storyboard; name = Base; path = Base.lproj/Main.storyboard; sourceTree = "<group>"; };
		4F2901E21C6807410082BA75 /* Assets.xcassets */ = {isa = PBXFileReference; lastKnownFileType = folder.assetcatalog; path = Assets.xcassets; sourceTree = "<group>"; };
		4F2901E51C6807410082BA75 /* Base */ = {isa = PBXFileReference; lastKnownFileType = file.storyboard; name = Base; path = Base.lproj/LaunchScreen.storyboard; sourceTree = "<group>"; };
		4F2901E71C6807410082BA75 /* Info.plist */ = {isa = PBXFileReference; lastKnownFileType = text.plist.xml; path = Info.plist; sourceTree = "<group>"; };
		4F2901ED1C680FDF0082BA75 /* mainViewController.swift */ = {isa = PBXFileReference; fileEncoding = 4; lastKnownFileType = sourcecode.swift; path = mainViewController.swift; sourceTree = "<group>"; };
		4F2901EF1C6810130082BA75 /* mainTableViewCell.swift */ = {isa = PBXFileReference; fileEncoding = 4; lastKnownFileType = sourcecode.swift; path = mainTableViewCell.swift; sourceTree = "<group>"; };
		4F2901F11C68116F0082BA75 /* food.swift */ = {isa = PBXFileReference; fileEncoding = 4; lastKnownFileType = sourcecode.swift; path = food.swift; sourceTree = "<group>"; };
		4F2901F51C6821110082BA75 /* checkinViewController.swift */ = {isa = PBXFileReference; fileEncoding = 4; lastKnownFileType = sourcecode.swift; name = checkinViewController.swift; path = ../checkinViewController.swift; sourceTree = "<group>"; };
		4F2901F71C68235B0082BA75 /* CoreLocation.framework */ = {isa = PBXFileReference; lastKnownFileType = wrapper.framework; name = CoreLocation.framework; path = System/Library/Frameworks/CoreLocation.framework; sourceTree = SDKROOT; };
		4F2901F91C6826690082BA75 /* notify.swift */ = {isa = PBXFileReference; fileEncoding = 4; lastKnownFileType = sourcecode.swift; path = notify.swift; sourceTree = "<group>"; };
/* End PBXFileReference section */

/* Begin PBXFrameworksBuildPhase section */
		4F2901D51C6807410082BA75 /* Frameworks */ = {
			isa = PBXFrameworksBuildPhase;
			buildActionMask = 2147483647;
			files = (
				4F2901F81C68235B0082BA75 /* CoreLocation.framework in Frameworks */,
			);
			runOnlyForDeploymentPostprocessing = 0;
		};
/* End PBXFrameworksBuildPhase section */

/* Begin PBXGroup section */
		4F2901CF1C6807410082BA75 = {
			isa = PBXGroup;
			children = (
				4F2901F71C68235B0082BA75 /* CoreLocation.framework */,
				4F2901DA1C6807410082BA75 /* tablebeacon */,
				4F2901D91C6807410082BA75 /* Products */,
			);
			sourceTree = "<group>";
		};
		4F2901D91C6807410082BA75 /* Products */ = {
			isa = PBXGroup;
			children = (
				4F2901D81C6807410082BA75 /* tablebeacon.app */,
			);
			name = Products;
			sourceTree = "<group>";
		};
		4F2901DA1C6807410082BA75 /* tablebeacon */ = {
			isa = PBXGroup;
			children = (
				4F2901DB1C6807410082BA75 /* AppDelegate.swift */,
				4F2901F51C6821110082BA75 /* checkinViewController.swift */,
				4F2901F91C6826690082BA75 /* notify.swift */,
				4F2901DF1C6807410082BA75 /* Main.storyboard */,
				4F2901EF1C6810130082BA75 /* mainTableViewCell.swift */,
				4F2901ED1C680FDF0082BA75 /* mainViewController.swift */,
				4F2901F11C68116F0082BA75 /* food.swift */,
				4F2901E21C6807410082BA75 /* Assets.xcassets */,
				4F2901E41C6807410082BA75 /* LaunchScreen.storyboard */,
				4F2901E71C6807410082BA75 /* Info.plist */,
			);
			path = tablebeacon;
			sourceTree = "<group>";
		};
/* End PBXGroup section */

/* Begin PBXNativeTarget section */
		4F2901D71C6807410082BA75 /* tablebeacon */ = {
			isa = PBXNativeTarget;
			buildConfigurationList = 4F2901EA1C6807410082BA75 /* Build configuration list for PBXNativeTarget "tablebeacon" */;
			buildPhases = (
				4F2901D41C6807410082BA75 /* Sources */,
				4F2901D51C6807410082BA75 /* Frameworks */,
				4F2901D61C6807410082BA75 /* Resources */,
			);
			buildRules = (
			);
			dependencies = (
			);
			name = tablebeacon;
			productName = tablebeacon;
			productReference = 4F2901D81C6807410082BA75 /* tablebeacon.app */;
			productType = "com.apple.product-type.application";
		};
/* End PBXNativeTarget section */

/* Begin PBXProject section */
		4F2901D01C6807410082BA75 /* Project object */ = {
			isa = PBXProject;
			attributes = {
				LastSwiftUpdateCheck = 0720;
				LastUpgradeCheck = 0720;
				ORGANIZATIONNAME = "Noah Marriott";
				TargetAttributes = {
					4F2901D71C6807410082BA75 = {
						CreatedOnToolsVersion = 7.2;
						DevelopmentTeam = 295SA56L2N;
					};
				};
			};
			buildConfigurationList = 4F2901D31C6807410082BA75 /* Build configuration list for PBXProject "tablebeacon" */;
			compatibilityVersion = "Xcode 3.2";
			developmentRegion = English;
			hasScannedForEncodings = 0;
			knownRegions = (
				en,
				Base,
			);
			mainGroup = 4F2901CF1C6807410082BA75;
			productRefGroup = 4F2901D91C6807410082BA75 /* Products */;
			projectDirPath = "";
			projectRoot = "";
			targets = (
				4F2901D71C6807410082BA75 /* tablebeacon */,
			);
		};
/* End PBXProject section */

/* Begin PBXResourcesBuildPhase section */
		4F2901D61C6807410082BA75 /* Resources */ = {
			isa = PBXResourcesBuildPhase;
			buildActionMask = 2147483647;
			files = (
				4F2901E61C6807410082BA75 /* LaunchScreen.storyboard in Resources */,
				4F2901E31C6807410082BA75 /* Assets.xcassets in Resources */,
				4F2901E11C6807410082BA75 /* Main.storyboard in Resources */,
			);
			runOnlyForDeploymentPostprocessing = 0;
		};
/* End PBXResourcesBuildPhase section */

/* Begin PBXSourcesBuildPhase section */
		4F2901D41C6807410082BA75 /* Sources */ = {
			isa = PBXSourcesBuildPhase;
			buildActionMask = 2147483647;
			files = (
				4F2901FA1C6826690082BA75 /* notify.swift in Sources */,
				4F2901F01C6810130082BA75 /* mainTableViewCell.swift in Sources */,
				4F2901DC1C6807410082BA75 /* AppDelegate.swift in Sources */,
				4F2901EE1C680FDF0082BA75 /* mainViewController.swift in Sources */,
				4F2901F21C68116F0082BA75 /* food.swift in Sources */,
				4F2901F61C6821110082BA75 /* checkinViewController.swift in Sources */,
			);
			runOnlyForDeploymentPostprocessing = 0;
		};
/* End PBXSourcesBuildPhase section */

/* Begin PBXVariantGroup section */
		4F2901DF1C6807410082BA75 /* Main.storyboard */ = {
			isa = PBXVariantGroup;
			children = (
				4F2901E01C6807410082BA75 /* Base */,
			);
			name = Main.storyboard;
			sourceTree = "<group>";
		};
		4F2901E41C6807410082BA75 /* LaunchScreen.storyboard */ = {
			isa = PBXVariantGroup;
			children = (
				4F2901E51C6807410082BA75 /* Base */,
			);
			name = LaunchScreen.storyboard;
			sourceTree = "<group>";
		};
/* End PBXVariantGroup section */

/* Begin XCBuildConfiguration section */
		4F2901E81C6807410082BA75 /* Debug */ = {
			isa = XCBuildConfiguration;
			buildSettings = {
				ALWAYS_SEARCH_USER_PATHS = NO;
				CLANG_CXX_LANGUAGE_STANDARD = "gnu++0x";
				CLANG_CXX_LIBRARY = "libc++";
				CLANG_ENABLE_MODULES = YES;
				CLANG_ENABLE_OBJC_ARC = YES;
				CLANG_WARN_BOOL_CONVERSION = YES;
				CLANG_WARN_CONSTANT_CONVERSION = YES;
				CLANG_WARN_DIRECT_OBJC_ISA_USAGE = YES_ERROR;
				CLANG_WARN_EMPTY_BODY = YES;
				CLANG_WARN_ENUM_CONVERSION = YES;
				CLANG_WARN_INT_CONVERSION = YES;
				CLANG_WARN_OBJC_ROOT_CLASS = YES_ERROR;
				CLANG_WARN_UNREACHABLE_CODE = YES;
				CLANG_WARN__DUPLICATE_METHOD_MATCH = YES;
				"CODE_SIGN_IDENTITY[sdk=iphoneos*]" = "iPhone Developer";
				COPY_PHASE_STRIP = NO;
				DEBUG_INFORMATION_FORMAT = dwarf;
				ENABLE_STRICT_OBJC_MSGSEND = YES;
				ENABLE_TESTABILITY = YES;
				GCC_C_LANGUAGE_STANDARD = gnu99;
				GCC_DYNAMIC_NO_PIC = NO;
				GCC_NO_COMMON_BLOCKS = YES;
				GCC_OPTIMIZATION_LEVEL = 0;
				GCC_PREPROCESSOR_DEFINITIONS = (
					"DEBUG=1",
					"$(inherited)",
				);
				GCC_WARN_64_TO_32_BIT_CONVERSION = YES;
				GCC_WARN_ABOUT_RETURN_TYPE = YES_ERROR;
				GCC_WARN_UNDECLARED_SELECTOR = YES;
				GCC_WARN_UNINITIALIZED_AUTOS = YES_AGGRESSIVE;
				GCC_WARN_UNUSED_FUNCTION = YES;
				GCC_WARN_UNUSED_VARIABLE = YES;
				IPHONEOS_DEPLOYMENT_TARGET = 9.2;
				MTL_ENABLE_DEBUG_INFO = YES;
				ONLY_ACTIVE_ARCH = YES;
				SDKROOT = iphoneos;
				SWIFT_OPTIMIZATION_LEVEL = "-Onone";
			};
			name = Debug;
		};
		4F2901E91C6807410082BA75 /* Release */ = {
			isa = XCBuildConfiguration;
			buildSettings = {
				ALWAYS_SEARCH_USER_PATHS = NO;
				CLANG_CXX_LANGUAGE_STANDARD = "gnu++0x";
				CLANG_CXX_LIBRARY = "libc++";
				CLANG_ENABLE_MODULES = YES;
				CLANG_ENABLE_OBJC_ARC = YES;
				CLANG_WARN_BOOL_CONVERSION = YES;
				CLANG_WARN_CONSTANT_CONVERSION = YES;
				CLANG_WARN_DIRECT_OBJC_ISA_USAGE = YES_ERROR;
				CLANG_WARN_EMPTY_BODY = YES;
				CLANG_WARN_ENUM_CONVERSION = YES;
				CLANG_WARN_INT_CONVERSION = YES;
				CLANG_WARN_OBJC_ROOT_CLASS = YES_ERROR;
				CLANG_WARN_UNREACHABLE_CODE = YES;
				CLANG_WARN__DUPLICATE_METHOD_MATCH = YES;
				"CODE_SIGN_IDENTITY[sdk=iphoneos*]" = "iPhone Developer";
				COPY_PHASE_STRIP = NO;
				DEBUG_INFORMATION_FORMAT = "dwarf-with-dsym";
				ENABLE_NS_ASSERTIONS = NO;
				ENABLE_STRICT_OBJC_MSGSEND = YES;
				GCC_C_LANGUAGE_STANDARD = gnu99;
				GCC_NO_COMMON_BLOCKS = YES;
				GCC_WARN_64_TO_32_BIT_CONVERSION = YES;
				GCC_WARN_ABOUT_RETURN_TYPE = YES_ERROR;
				GCC_WARN_UNDECLARED_SELECTOR = YES;
				GCC_WARN_UNINITIALIZED_AUTOS = YES_AGGRESSIVE;
				GCC_WARN_UNUSED_FUNCTION = YES;
				GCC_WARN_UNUSED_VARIABLE = YES;
				IPHONEOS_DEPLOYMENT_TARGET = 9.2;
				MTL_ENABLE_DEBUG_INFO = NO;
				SDKROOT = iphoneos;
				VALIDATE_PRODUCT = YES;
			};
			name = Release;
		};
		4F2901EB1C6807410082BA75 /* Debug */ = {
			isa = XCBuildConfiguration;
			buildSettings = {
				ASSETCATALOG_COMPILER_APPICON_NAME = AppIcon;
				INFOPLIST_FILE = tablebeacon/Info.plist;
				LD_RUNPATH_SEARCH_PATHS = "$(inherited) @executable_path/Frameworks";
				PRODUCT_BUNDLE_IDENTIFIER = com.triyada.tablebeacon;
				PRODUCT_NAME = "$(TARGET_NAME)";
			};
			name = Debug;
		};
		4F2901EC1C6807410082BA75 /* Release */ = {
			isa = XCBuildConfiguration;
			buildSettings = {
				ASSETCATALOG_COMPILER_APPICON_NAME = AppIcon;
				INFOPLIST_FILE = tablebeacon/Info.plist;
				LD_RUNPATH_SEARCH_PATHS = "$(inherited) @executable_path/Frameworks";
				PRODUCT_BUNDLE_IDENTIFIER = com.triyada.tablebeacon;
				PRODUCT_NAME = "$(TARGET_NAME)";
			};
			name = Release;
		};
/* End XCBuildConfiguration section */

/* Begin XCConfigurationList section */
		4F2901D31C6807410082BA75 /* Build configuration list for PBXProject "tablebeacon" */ = {
			isa = XCConfigurationList;
			buildConfigurations = (
				4F2901E81C6807410082BA75 /* Debug */,
				4F2901E91C6807410082BA75 /* Release */,
			);
			defaultConfigurationIsVisible = 0;
			defaultConfigurationName = Release;
		};
		4F2901EA1C6807410082BA75 /* Build configuration list for PBXNativeTarget "tablebeacon" */ = {
			isa = XCConfigurationList;
			buildConfigurations = (
				4F2901EB1C6807410082BA75 /* Debug */,
				4F2901EC1C6807410082BA75 /* Release */,
			);
			defaultConfigurationIsVisible = 0;
		};
/* End XCConfigurationList section */
	};
	rootObject = 4F2901D01C6807410082BA75 /* Project object */;
}
