// !$*UTF8*$!
{
	archiveVersion = 1;
	classes = {
	};
	objectVersion = 46;
	objects = {

/* Begin PBXBuildFile section */
		4F7341F81B915BF900BC50FF /* AppDelegate.swift in Sources */ = {isa = PBXBuildFile; fileRef = 4F7341F71B915BF900BC50FF /* AppDelegate.swift */; };
		4F7341FA1B915BF900BC50FF /* ViewController.swift in Sources */ = {isa = PBXBuildFile; fileRef = 4F7341F91B915BF900BC50FF /* ViewController.swift */; };
		4F7341FD1B915BF900BC50FF /* Main.storyboard in Resources */ = {isa = PBXBuildFile; fileRef = 4F7341FB1B915BF900BC50FF /* Main.storyboard */; };
		4F7341FF1B915BF900BC50FF /* Images.xcassets in Resources */ = {isa = PBXBuildFile; fileRef = 4F7341FE1B915BF900BC50FF /* Images.xcassets */; };
		4F7342021B915BF900BC50FF /* LaunchScreen.xib in Resources */ = {isa = PBXBuildFile; fileRef = 4F7342001B915BF900BC50FF /* LaunchScreen.xib */; };
		4F73420E1B915BF900BC50FF /* nextappTests.swift in Sources */ = {isa = PBXBuildFile; fileRef = 4F73420D1B915BF900BC50FF /* nextappTests.swift */; };
/* End PBXBuildFile section */

/* Begin PBXContainerItemProxy section */
		4F7342081B915BF900BC50FF /* PBXContainerItemProxy */ = {
			isa = PBXContainerItemProxy;
			containerPortal = 4F7341EA1B915BF900BC50FF /* Project object */;
			proxyType = 1;
			remoteGlobalIDString = 4F7341F11B915BF900BC50FF;
			remoteInfo = nextapp;
		};
/* End PBXContainerItemProxy section */

/* Begin PBXFileReference section */
		4F7341F21B915BF900BC50FF /* nextapp.app */ = {isa = PBXFileReference; explicitFileType = wrapper.application; includeInIndex = 0; path = nextapp.app; sourceTree = BUILT_PRODUCTS_DIR; };
		4F7341F61B915BF900BC50FF /* Info.plist */ = {isa = PBXFileReference; lastKnownFileType = text.plist.xml; path = Info.plist; sourceTree = "<group>"; };
		4F7341F71B915BF900BC50FF /* AppDelegate.swift */ = {isa = PBXFileReference; lastKnownFileType = sourcecode.swift; path = AppDelegate.swift; sourceTree = "<group>"; };
		4F7341F91B915BF900BC50FF /* ViewController.swift */ = {isa = PBXFileReference; lastKnownFileType = sourcecode.swift; path = ViewController.swift; sourceTree = "<group>"; };
		4F7341FC1B915BF900BC50FF /* Base */ = {isa = PBXFileReference; lastKnownFileType = file.storyboard; name = Base; path = Base.lproj/Main.storyboard; sourceTree = "<group>"; };
		4F7341FE1B915BF900BC50FF /* Images.xcassets */ = {isa = PBXFileReference; lastKnownFileType = folder.assetcatalog; path = Images.xcassets; sourceTree = "<group>"; };
		4F7342011B915BF900BC50FF /* Base */ = {isa = PBXFileReference; lastKnownFileType = file.xib; name = Base; path = Base.lproj/LaunchScreen.xib; sourceTree = "<group>"; };
		4F7342071B915BF900BC50FF /* nextappTests.xctest */ = {isa = PBXFileReference; explicitFileType = wrapper.cfbundle; includeInIndex = 0; path = nextappTests.xctest; sourceTree = BUILT_PRODUCTS_DIR; };
		4F73420C1B915BF900BC50FF /* Info.plist */ = {isa = PBXFileReference; lastKnownFileType = text.plist.xml; path = Info.plist; sourceTree = "<group>"; };
		4F73420D1B915BF900BC50FF /* nextappTests.swift */ = {isa = PBXFileReference; lastKnownFileType = sourcecode.swift; path = nextappTests.swift; sourceTree = "<group>"; };
/* End PBXFileReference section */

/* Begin PBXFrameworksBuildPhase section */
		4F7341EF1B915BF900BC50FF /* Frameworks */ = {
			isa = PBXFrameworksBuildPhase;
			buildActionMask = 2147483647;
			files = (
			);
			runOnlyForDeploymentPostprocessing = 0;
		};
		4F7342041B915BF900BC50FF /* Frameworks */ = {
			isa = PBXFrameworksBuildPhase;
			buildActionMask = 2147483647;
			files = (
			);
			runOnlyForDeploymentPostprocessing = 0;
		};
/* End PBXFrameworksBuildPhase section */

/* Begin PBXGroup section */
		4F7341E91B915BF900BC50FF = {
			isa = PBXGroup;
			children = (
				4F7341F41B915BF900BC50FF /* nextapp */,
				4F73420A1B915BF900BC50FF /* nextappTests */,
				4F7341F31B915BF900BC50FF /* Products */,
			);
			sourceTree = "<group>";
		};
		4F7341F31B915BF900BC50FF /* Products */ = {
			isa = PBXGroup;
			children = (
				4F7341F21B915BF900BC50FF /* nextapp.app */,
				4F7342071B915BF900BC50FF /* nextappTests.xctest */,
			);
			name = Products;
			sourceTree = "<group>";
		};
		4F7341F41B915BF900BC50FF /* nextapp */ = {
			isa = PBXGroup;
			children = (
				4F7341F71B915BF900BC50FF /* AppDelegate.swift */,
				4F7341F91B915BF900BC50FF /* ViewController.swift */,
				4F7341FB1B915BF900BC50FF /* Main.storyboard */,
				4F7341FE1B915BF900BC50FF /* Images.xcassets */,
				4F7342001B915BF900BC50FF /* LaunchScreen.xib */,
				4F7341F51B915BF900BC50FF /* Supporting Files */,
			);
			path = nextapp;
			sourceTree = "<group>";
		};
		4F7341F51B915BF900BC50FF /* Supporting Files */ = {
			isa = PBXGroup;
			children = (
				4F7341F61B915BF900BC50FF /* Info.plist */,
			);
			name = "Supporting Files";
			sourceTree = "<group>";
		};
		4F73420A1B915BF900BC50FF /* nextappTests */ = {
			isa = PBXGroup;
			children = (
				4F73420D1B915BF900BC50FF /* nextappTests.swift */,
				4F73420B1B915BF900BC50FF /* Supporting Files */,
			);
			path = nextappTests;
			sourceTree = "<group>";
		};
		4F73420B1B915BF900BC50FF /* Supporting Files */ = {
			isa = PBXGroup;
			children = (
				4F73420C1B915BF900BC50FF /* Info.plist */,
			);
			name = "Supporting Files";
			sourceTree = "<group>";
		};
/* End PBXGroup section */

/* Begin PBXNativeTarget section */
		4F7341F11B915BF900BC50FF /* nextapp */ = {
			isa = PBXNativeTarget;
			buildConfigurationList = 4F7342111B915BF900BC50FF /* Build configuration list for PBXNativeTarget "nextapp" */;
			buildPhases = (
				4F7341EE1B915BF900BC50FF /* Sources */,
				4F7341EF1B915BF900BC50FF /* Frameworks */,
				4F7341F01B915BF900BC50FF /* Resources */,
			);
			buildRules = (
			);
			dependencies = (
			);
			name = nextapp;
			productName = nextapp;
			productReference = 4F7341F21B915BF900BC50FF /* nextapp.app */;
			productType = "com.apple.product-type.application";
		};
		4F7342061B915BF900BC50FF /* nextappTests */ = {
			isa = PBXNativeTarget;
			buildConfigurationList = 4F7342141B915BF900BC50FF /* Build configuration list for PBXNativeTarget "nextappTests" */;
			buildPhases = (
				4F7342031B915BF900BC50FF /* Sources */,
				4F7342041B915BF900BC50FF /* Frameworks */,
				4F7342051B915BF900BC50FF /* Resources */,
			);
			buildRules = (
			);
			dependencies = (
				4F7342091B915BF900BC50FF /* PBXTargetDependency */,
			);
			name = nextappTests;
			productName = nextappTests;
			productReference = 4F7342071B915BF900BC50FF /* nextappTests.xctest */;
			productType = "com.apple.product-type.bundle.unit-test";
		};
/* End PBXNativeTarget section */

/* Begin PBXProject section */
		4F7341EA1B915BF900BC50FF /* Project object */ = {
			isa = PBXProject;
			attributes = {
				LastUpgradeCheck = 0640;
				ORGANIZATIONNAME = "Noah Marriott";
				TargetAttributes = {
					4F7341F11B915BF900BC50FF = {
						CreatedOnToolsVersion = 6.4;
					};
					4F7342061B915BF900BC50FF = {
						CreatedOnToolsVersion = 6.4;
						TestTargetID = 4F7341F11B915BF900BC50FF;
					};
				};
			};
			buildConfigurationList = 4F7341ED1B915BF900BC50FF /* Build configuration list for PBXProject "nextapp" */;
			compatibilityVersion = "Xcode 3.2";
			developmentRegion = English;
			hasScannedForEncodings = 0;
			knownRegions = (
				en,
				Base,
			);
			mainGroup = 4F7341E91B915BF900BC50FF;
			productRefGroup = 4F7341F31B915BF900BC50FF /* Products */;
			projectDirPath = "";
			projectRoot = "";
			targets = (
				4F7341F11B915BF900BC50FF /* nextapp */,
				4F7342061B915BF900BC50FF /* nextappTests */,
			);
		};
/* End PBXProject section */

/* Begin PBXResourcesBuildPhase section */
		4F7341F01B915BF900BC50FF /* Resources */ = {
			isa = PBXResourcesBuildPhase;
			buildActionMask = 2147483647;
			files = (
				4F7341FD1B915BF900BC50FF /* Main.storyboard in Resources */,
				4F7342021B915BF900BC50FF /* LaunchScreen.xib in Resources */,
				4F7341FF1B915BF900BC50FF /* Images.xcassets in Resources */,
			);
			runOnlyForDeploymentPostprocessing = 0;
		};
		4F7342051B915BF900BC50FF /* Resources */ = {
			isa = PBXResourcesBuildPhase;
			buildActionMask = 2147483647;
			files = (
			);
			runOnlyForDeploymentPostprocessing = 0;
		};
/* End PBXResourcesBuildPhase section */

/* Begin PBXSourcesBuildPhase section */
		4F7341EE1B915BF900BC50FF /* Sources */ = {
			isa = PBXSourcesBuildPhase;
			buildActionMask = 2147483647;
			files = (
				4F7341FA1B915BF900BC50FF /* ViewController.swift in Sources */,
				4F7341F81B915BF900BC50FF /* AppDelegate.swift in Sources */,
			);
			runOnlyForDeploymentPostprocessing = 0;
		};
		4F7342031B915BF900BC50FF /* Sources */ = {
			isa = PBXSourcesBuildPhase;
			buildActionMask = 2147483647;
			files = (
				4F73420E1B915BF900BC50FF /* nextappTests.swift in Sources */,
			);
			runOnlyForDeploymentPostprocessing = 0;
		};
/* End PBXSourcesBuildPhase section */

/* Begin PBXTargetDependency section */
		4F7342091B915BF900BC50FF /* PBXTargetDependency */ = {
			isa = PBXTargetDependency;
			target = 4F7341F11B915BF900BC50FF /* nextapp */;
			targetProxy = 4F7342081B915BF900BC50FF /* PBXContainerItemProxy */;
		};
/* End PBXTargetDependency section */

/* Begin PBXVariantGroup section */
		4F7341FB1B915BF900BC50FF /* Main.storyboard */ = {
			isa = PBXVariantGroup;
			children = (
				4F7341FC1B915BF900BC50FF /* Base */,
			);
			name = Main.storyboard;
			sourceTree = "<group>";
		};
		4F7342001B915BF900BC50FF /* LaunchScreen.xib */ = {
			isa = PBXVariantGroup;
			children = (
				4F7342011B915BF900BC50FF /* Base */,
			);
			name = LaunchScreen.xib;
			sourceTree = "<group>";
		};
/* End PBXVariantGroup section */

/* Begin XCBuildConfiguration section */
		4F73420F1B915BF900BC50FF /* Debug */ = {
			isa = XCBuildConfiguration;
			buildSettings = {
				ALWAYS_SEARCH_USER_PATHS = NO;
				CLANG_CXX_LANGUAGE_STANDARD = "gnu++0x";
				CLANG_CXX_LIBRARY = "libc++";
				CLANG_ENABLE_MODULES = YES;
				CLANG_ENABLE_OBJC_ARC = YES;
				CLANG_WARN_BOOL_CONVERSION = YES;
				CLANG_WARN_CONSTANT_CONVERSION = YES;
				CLANG_WARN_DIRECT_OBJC_ISA_USAGE = YES_ERROR;
				CLANG_WARN_EMPTY_BODY = YES;
				CLANG_WARN_ENUM_CONVERSION = YES;
				CLANG_WARN_INT_CONVERSION = YES;
				CLANG_WARN_OBJC_ROOT_CLASS = YES_ERROR;
				CLANG_WARN_UNREACHABLE_CODE = YES;
				CLANG_WARN__DUPLICATE_METHOD_MATCH = YES;
				"CODE_SIGN_IDENTITY[sdk=iphoneos*]" = "iPhone Developer";
				COPY_PHASE_STRIP = NO;
				DEBUG_INFORMATION_FORMAT = "dwarf-with-dsym";
				ENABLE_STRICT_OBJC_MSGSEND = YES;
				GCC_C_LANGUAGE_STANDARD = gnu99;
				GCC_DYNAMIC_NO_PIC = NO;
				GCC_NO_COMMON_BLOCKS = YES;
				GCC_OPTIMIZATION_LEVEL = 0;
				GCC_PREPROCESSOR_DEFINITIONS = (
					"DEBUG=1",
					"$(inherited)",
				);
				GCC_SYMBOLS_PRIVATE_EXTERN = NO;
				GCC_WARN_64_TO_32_BIT_CONVERSION = YES;
				GCC_WARN_ABOUT_RETURN_TYPE = YES_ERROR;
				GCC_WARN_UNDECLARED_SELECTOR = YES;
				GCC_WARN_UNINITIALIZED_AUTOS = YES_AGGRESSIVE;
				GCC_WARN_UNUSED_FUNCTION = YES;
				GCC_WARN_UNUSED_VARIABLE = YES;
				IPHONEOS_DEPLOYMENT_TARGET = 8.4;
				MTL_ENABLE_DEBUG_INFO = YES;
				ONLY_ACTIVE_ARCH = YES;
				SDKROOT = iphoneos;
				SWIFT_OPTIMIZATION_LEVEL = "-Onone";
				TARGETED_DEVICE_FAMILY = "1,2";
			};
			name = Debug;
		};
		4F7342101B915BF900BC50FF /* Release */ = {
			isa = XCBuildConfiguration;
			buildSettings = {
				ALWAYS_SEARCH_USER_PATHS = NO;
				CLANG_CXX_LANGUAGE_STANDARD = "gnu++0x";
				CLANG_CXX_LIBRARY = "libc++";
				CLANG_ENABLE_MODULES = YES;
				CLANG_ENABLE_OBJC_ARC = YES;
				CLANG_WARN_BOOL_CONVERSION = YES;
				CLANG_WARN_CONSTANT_CONVERSION = YES;
				CLANG_WARN_DIRECT_OBJC_ISA_USAGE = YES_ERROR;
				CLANG_WARN_EMPTY_BODY = YES;
				CLANG_WARN_ENUM_CONVERSION = YES;
				CLANG_WARN_INT_CONVERSION = YES;
				CLANG_WARN_OBJC_ROOT_CLASS = YES_ERROR;
				CLANG_WARN_UNREACHABLE_CODE = YES;
				CLANG_WARN__DUPLICATE_METHOD_MATCH = YES;
				"CODE_SIGN_IDENTITY[sdk=iphoneos*]" = "iPhone Developer";
				COPY_PHASE_STRIP = NO;
				DEBUG_INFORMATION_FORMAT = "dwarf-with-dsym";
				ENABLE_NS_ASSERTIONS = NO;
				ENABLE_STRICT_OBJC_MSGSEND = YES;
				GCC_C_LANGUAGE_STANDARD = gnu99;
				GCC_NO_COMMON_BLOCKS = YES;
				GCC_WARN_64_TO_32_BIT_CONVERSION = YES;
				GCC_WARN_ABOUT_RETURN_TYPE = YES_ERROR;
				GCC_WARN_UNDECLARED_SELECTOR = YES;
				GCC_WARN_UNINITIALIZED_AUTOS = YES_AGGRESSIVE;
				GCC_WARN_UNUSED_FUNCTION = YES;
				GCC_WARN_UNUSED_VARIABLE = YES;
				IPHONEOS_DEPLOYMENT_TARGET = 8.4;
				MTL_ENABLE_DEBUG_INFO = NO;
				SDKROOT = iphoneos;
				TARGETED_DEVICE_FAMILY = "1,2";
				VALIDATE_PRODUCT = YES;
			};
			name = Release;
		};
		4F7342121B915BF900BC50FF /* Debug */ = {
			isa = XCBuildConfiguration;
			buildSettings = {
				ASSETCATALOG_COMPILER_APPICON_NAME = AppIcon;
				INFOPLIST_FILE = nextapp/Info.plist;
				LD_RUNPATH_SEARCH_PATHS = "$(inherited) @executable_path/Frameworks";
				PRODUCT_NAME = "$(TARGET_NAME)";
			};
			name = Debug;
		};
		4F7342131B915BF900BC50FF /* Release */ = {
			isa = XCBuildConfiguration;
			buildSettings = {
				ASSETCATALOG_COMPILER_APPICON_NAME = AppIcon;
				INFOPLIST_FILE = nextapp/Info.plist;
				LD_RUNPATH_SEARCH_PATHS = "$(inherited) @executable_path/Frameworks";
				PRODUCT_NAME = "$(TARGET_NAME)";
			};
			name = Release;
		};
		4F7342151B915BF900BC50FF /* Debug */ = {
			isa = XCBuildConfiguration;
			buildSettings = {
				BUNDLE_LOADER = "$(TEST_HOST)";
				FRAMEWORK_SEARCH_PATHS = (
					"$(SDKROOT)/Developer/Library/Frameworks",
					"$(inherited)",
				);
				GCC_PREPROCESSOR_DEFINITIONS = (
					"DEBUG=1",
					"$(inherited)",
				);
				INFOPLIST_FILE = nextappTests/Info.plist;
				LD_RUNPATH_SEARCH_PATHS = "$(inherited) @executable_path/Frameworks @loader_path/Frameworks";
				PRODUCT_NAME = "$(TARGET_NAME)";
				TEST_HOST = "$(BUILT_PRODUCTS_DIR)/nextapp.app/nextapp";
			};
			name = Debug;
		};
		4F7342161B915BF900BC50FF /* Release */ = {
			isa = XCBuildConfiguration;
			buildSettings = {
				BUNDLE_LOADER = "$(TEST_HOST)";
				FRAMEWORK_SEARCH_PATHS = (
					"$(SDKROOT)/Developer/Library/Frameworks",
					"$(inherited)",
				);
				INFOPLIST_FILE = nextappTests/Info.plist;
				LD_RUNPATH_SEARCH_PATHS = "$(inherited) @executable_path/Frameworks @loader_path/Frameworks";
				PRODUCT_NAME = "$(TARGET_NAME)";
				TEST_HOST = "$(BUILT_PRODUCTS_DIR)/nextapp.app/nextapp";
			};
			name = Release;
		};
/* End XCBuildConfiguration section */

/* Begin XCConfigurationList section */
		4F7341ED1B915BF900BC50FF /* Build configuration list for PBXProject "nextapp" */ = {
			isa = XCConfigurationList;
			buildConfigurations = (
				4F73420F1B915BF900BC50FF /* Debug */,
				4F7342101B915BF900BC50FF /* Release */,
			);
			defaultConfigurationIsVisible = 0;
			defaultConfigurationName = Release;
		};
		4F7342111B915BF900BC50FF /* Build configuration list for PBXNativeTarget "nextapp" */ = {
			isa = XCConfigurationList;
			buildConfigurations = (
				4F7342121B915BF900BC50FF /* Debug */,
				4F7342131B915BF900BC50FF /* Release */,
			);
			defaultConfigurationIsVisible = 0;
		};
		4F7342141B915BF900BC50FF /* Build configuration list for PBXNativeTarget "nextappTests" */ = {
			isa = XCConfigurationList;
			buildConfigurations = (
				4F7342151B915BF900BC50FF /* Debug */,
				4F7342161B915BF900BC50FF /* Release */,
			);
			defaultConfigurationIsVisible = 0;
		};
/* End XCConfigurationList section */
	};
	rootObject = 4F7341EA1B915BF900BC50FF /* Project object */;
}
