// !$*UTF8*$!
{
	archiveVersion = 1;
	classes = {
	};
	objectVersion = 46;
	objects = {

/* Begin PBXBuildFile section */
		4FE2375E1C27351600E45787 /* AppDelegate.swift in Sources */ = {isa = PBXBuildFile; fileRef = 4FE2375D1C27351600E45787 /* AppDelegate.swift */; };
		4FE237601C27351600E45787 /* ViewController.swift in Sources */ = {isa = PBXBuildFile; fileRef = 4FE2375F1C27351600E45787 /* ViewController.swift */; };
		4FE237631C27351600E45787 /* Main.storyboard in Resources */ = {isa = PBXBuildFile; fileRef = 4FE237611C27351600E45787 /* Main.storyboard */; };
		4FE237651C27351600E45787 /* Assets.xcassets in Resources */ = {isa = PBXBuildFile; fileRef = 4FE237641C27351600E45787 /* Assets.xcassets */; };
		4FE237681C27351600E45787 /* LaunchScreen.storyboard in Resources */ = {isa = PBXBuildFile; fileRef = 4FE237661C27351600E45787 /* LaunchScreen.storyboard */; };
/* End PBXBuildFile section */

/* Begin PBXFileReference section */
		4FE2375A1C27351600E45787 /* cookingPin.app */ = {isa = PBXFileReference; explicitFileType = wrapper.application; includeInIndex = 0; path = cookingPin.app; sourceTree = BUILT_PRODUCTS_DIR; };
		4FE2375D1C27351600E45787 /* AppDelegate.swift */ = {isa = PBXFileReference; lastKnownFileType = sourcecode.swift; path = AppDelegate.swift; sourceTree = "<group>"; };
		4FE2375F1C27351600E45787 /* ViewController.swift */ = {isa = PBXFileReference; lastKnownFileType = sourcecode.swift; path = ViewController.swift; sourceTree = "<group>"; };
		4FE237621C27351600E45787 /* Base */ = {isa = PBXFileReference; lastKnownFileType = file.storyboard; name = Base; path = Base.lproj/Main.storyboard; sourceTree = "<group>"; };
		4FE237641C27351600E45787 /* Assets.xcassets */ = {isa = PBXFileReference; lastKnownFileType = folder.assetcatalog; path = Assets.xcassets; sourceTree = "<group>"; };
		4FE237671C27351600E45787 /* Base */ = {isa = PBXFileReference; lastKnownFileType = file.storyboard; name = Base; path = Base.lproj/LaunchScreen.storyboard; sourceTree = "<group>"; };
		4FE237691C27351600E45787 /* Info.plist */ = {isa = PBXFileReference; lastKnownFileType = text.plist.xml; path = Info.plist; sourceTree = "<group>"; };
/* End PBXFileReference section */

/* Begin PBXFrameworksBuildPhase section */
		4FE237571C27351600E45787 /* Frameworks */ = {
			isa = PBXFrameworksBuildPhase;
			buildActionMask = 2147483647;
			files = (
			);
			runOnlyForDeploymentPostprocessing = 0;
		};
/* End PBXFrameworksBuildPhase section */

/* Begin PBXGroup section */
		4FE237511C27351600E45787 = {
			isa = PBXGroup;
			children = (
				4FE2375C1C27351600E45787 /* cookingPin */,
				4FE2375B1C27351600E45787 /* Products */,
			);
			sourceTree = "<group>";
		};
		4FE2375B1C27351600E45787 /* Products */ = {
			isa = PBXGroup;
			children = (
				4FE2375A1C27351600E45787 /* cookingPin.app */,
			);
			name = Products;
			sourceTree = "<group>";
		};
		4FE2375C1C27351600E45787 /* cookingPin */ = {
			isa = PBXGroup;
			children = (
				4FE2375D1C27351600E45787 /* AppDelegate.swift */,
				4FE2375F1C27351600E45787 /* ViewController.swift */,
				4FE237611C27351600E45787 /* Main.storyboard */,
				4FE237641C27351600E45787 /* Assets.xcassets */,
				4FE237661C27351600E45787 /* LaunchScreen.storyboard */,
				4FE237691C27351600E45787 /* Info.plist */,
			);
			path = cookingPin;
			sourceTree = "<group>";
		};
/* End PBXGroup section */

/* Begin PBXNativeTarget section */
		4FE237591C27351600E45787 /* cookingPin */ = {
			isa = PBXNativeTarget;
			buildConfigurationList = 4FE2376C1C27351600E45787 /* Build configuration list for PBXNativeTarget "cookingPin" */;
			buildPhases = (
				4FE237561C27351600E45787 /* Sources */,
				4FE237571C27351600E45787 /* Frameworks */,
				4FE237581C27351600E45787 /* Resources */,
			);
			buildRules = (
			);
			dependencies = (
			);
			name = cookingPin;
			productName = cookingPin;
			productReference = 4FE2375A1C27351600E45787 /* cookingPin.app */;
			productType = "com.apple.product-type.application";
		};
/* End PBXNativeTarget section */

/* Begin PBXProject section */
		4FE237521C27351600E45787 /* Project object */ = {
			isa = PBXProject;
			attributes = {
				LastSwiftUpdateCheck = 0710;
				LastUpgradeCheck = 0710;
				ORGANIZATIONNAME = "Noah Marriott";
				TargetAttributes = {
					4FE237591C27351600E45787 = {
						CreatedOnToolsVersion = 7.1.1;
						DevelopmentTeam = 295SA56L2N;
					};
				};
			};
			buildConfigurationList = 4FE237551C27351600E45787 /* Build configuration list for PBXProject "cookingPin" */;
			compatibilityVersion = "Xcode 3.2";
			developmentRegion = English;
			hasScannedForEncodings = 0;
			knownRegions = (
				en,
				Base,
			);
			mainGroup = 4FE237511C27351600E45787;
			productRefGroup = 4FE2375B1C27351600E45787 /* Products */;
			projectDirPath = "";
			projectRoot = "";
			targets = (
				4FE237591C27351600E45787 /* cookingPin */,
			);
		};
/* End PBXProject section */

/* Begin PBXResourcesBuildPhase section */
		4FE237581C27351600E45787 /* Resources */ = {
			isa = PBXResourcesBuildPhase;
			buildActionMask = 2147483647;
			files = (
				4FE237681C27351600E45787 /* LaunchScreen.storyboard in Resources */,
				4FE237651C27351600E45787 /* Assets.xcassets in Resources */,
				4FE237631C27351600E45787 /* Main.storyboard in Resources */,
			);
			runOnlyForDeploymentPostprocessing = 0;
		};
/* End PBXResourcesBuildPhase section */

/* Begin PBXSourcesBuildPhase section */
		4FE237561C27351600E45787 /* Sources */ = {
			isa = PBXSourcesBuildPhase;
			buildActionMask = 2147483647;
			files = (
				4FE237601C27351600E45787 /* ViewController.swift in Sources */,
				4FE2375E1C27351600E45787 /* AppDelegate.swift in Sources */,
			);
			runOnlyForDeploymentPostprocessing = 0;
		};
/* End PBXSourcesBuildPhase section */

/* Begin PBXVariantGroup section */
		4FE237611C27351600E45787 /* Main.storyboard */ = {
			isa = PBXVariantGroup;
			children = (
				4FE237621C27351600E45787 /* Base */,
			);
			name = Main.storyboard;
			sourceTree = "<group>";
		};
		4FE237661C27351600E45787 /* LaunchScreen.storyboard */ = {
			isa = PBXVariantGroup;
			children = (
				4FE237671C27351600E45787 /* Base */,
			);
			name = LaunchScreen.storyboard;
			sourceTree = "<group>";
		};
/* End PBXVariantGroup section */

/* Begin XCBuildConfiguration section */
		4FE2376A1C27351600E45787 /* Debug */ = {
			isa = XCBuildConfiguration;
			buildSettings = {
				ALWAYS_SEARCH_USER_PATHS = NO;
				CLANG_CXX_LANGUAGE_STANDARD = "gnu++0x";
				CLANG_CXX_LIBRARY = "libc++";
				CLANG_ENABLE_MODULES = YES;
				CLANG_ENABLE_OBJC_ARC = YES;
				CLANG_WARN_BOOL_CONVERSION = YES;
				CLANG_WARN_CONSTANT_CONVERSION = YES;
				CLANG_WARN_DIRECT_OBJC_ISA_USAGE = YES_ERROR;
				CLANG_WARN_EMPTY_BODY = YES;
				CLANG_WARN_ENUM_CONVERSION = YES;
				CLANG_WARN_INT_CONVERSION = YES;
				CLANG_WARN_OBJC_ROOT_CLASS = YES_ERROR;
				CLANG_WARN_UNREACHABLE_CODE = YES;
				CLANG_WARN__DUPLICATE_METHOD_MATCH = YES;
				"CODE_SIGN_IDENTITY[sdk=iphoneos*]" = "iPhone Developer";
				COPY_PHASE_STRIP = NO;
				DEBUG_INFORMATION_FORMAT = dwarf;
				ENABLE_STRICT_OBJC_MSGSEND = YES;
				ENABLE_TESTABILITY = YES;
				GCC_C_LANGUAGE_STANDARD = gnu99;
				GCC_DYNAMIC_NO_PIC = NO;
				GCC_NO_COMMON_BLOCKS = YES;
				GCC_OPTIMIZATION_LEVEL = 0;
				GCC_PREPROCESSOR_DEFINITIONS = (
					"DEBUG=1",
					"$(inherited)",
				);
				GCC_WARN_64_TO_32_BIT_CONVERSION = YES;
				GCC_WARN_ABOUT_RETURN_TYPE = YES_ERROR;
				GCC_WARN_UNDECLARED_SELECTOR = YES;
				GCC_WARN_UNINITIALIZED_AUTOS = YES_AGGRESSIVE;
				GCC_WARN_UNUSED_FUNCTION = YES;
				GCC_WARN_UNUSED_VARIABLE = YES;
				IPHONEOS_DEPLOYMENT_TARGET = 9.1;
				MTL_ENABLE_DEBUG_INFO = YES;
				ONLY_ACTIVE_ARCH = YES;
				SDKROOT = iphoneos;
				SWIFT_OPTIMIZATION_LEVEL = "-Onone";
				TARGETED_DEVICE_FAMILY = "1,2";
			};
			name = Debug;
		};
		4FE2376B1C27351600E45787 /* Release */ = {
			isa = XCBuildConfiguration;
			buildSettings = {
				ALWAYS_SEARCH_USER_PATHS = NO;
				CLANG_CXX_LANGUAGE_STANDARD = "gnu++0x";
				CLANG_CXX_LIBRARY = "libc++";
				CLANG_ENABLE_MODULES = YES;
				CLANG_ENABLE_OBJC_ARC = YES;
				CLANG_WARN_BOOL_CONVERSION = YES;
				CLANG_WARN_CONSTANT_CONVERSION = YES;
				CLANG_WARN_DIRECT_OBJC_ISA_USAGE = YES_ERROR;
				CLANG_WARN_EMPTY_BODY = YES;
				CLANG_WARN_ENUM_CONVERSION = YES;
				CLANG_WARN_INT_CONVERSION = YES;
				CLANG_WARN_OBJC_ROOT_CLASS = YES_ERROR;
				CLANG_WARN_UNREACHABLE_CODE = YES;
				CLANG_WARN__DUPLICATE_METHOD_MATCH = YES;
				"CODE_SIGN_IDENTITY[sdk=iphoneos*]" = "iPhone Developer";
				COPY_PHASE_STRIP = NO;
				DEBUG_INFORMATION_FORMAT = "dwarf-with-dsym";
				ENABLE_NS_ASSERTIONS = NO;
				ENABLE_STRICT_OBJC_MSGSEND = YES;
				GCC_C_LANGUAGE_STANDARD = gnu99;
				GCC_NO_COMMON_BLOCKS = YES;
				GCC_WARN_64_TO_32_BIT_CONVERSION = YES;
				GCC_WARN_ABOUT_RETURN_TYPE = YES_ERROR;
				GCC_WARN_UNDECLARED_SELECTOR = YES;
				GCC_WARN_UNINITIALIZED_AUTOS = YES_AGGRESSIVE;
				GCC_WARN_UNUSED_FUNCTION = YES;
				GCC_WARN_UNUSED_VARIABLE = YES;
				IPHONEOS_DEPLOYMENT_TARGET = 9.1;
				MTL_ENABLE_DEBUG_INFO = NO;
				SDKROOT = iphoneos;
				TARGETED_DEVICE_FAMILY = "1,2";
				VALIDATE_PRODUCT = YES;
			};
			name = Release;
		};
		4FE2376D1C27351600E45787 /* Debug */ = {
			isa = XCBuildConfiguration;
			buildSettings = {
				ASSETCATALOG_COMPILER_APPICON_NAME = AppIcon;
				INFOPLIST_FILE = cookingPin/Info.plist;
				LD_RUNPATH_SEARCH_PATHS = "$(inherited) @executable_path/Frameworks";
				PRODUCT_BUNDLE_IDENTIFIER = com.triyada.cookingPin;
				PRODUCT_NAME = "$(TARGET_NAME)";
			};
			name = Debug;
		};
		4FE2376E1C27351600E45787 /* Release */ = {
			isa = XCBuildConfiguration;
			buildSettings = {
				ASSETCATALOG_COMPILER_APPICON_NAME = AppIcon;
				INFOPLIST_FILE = cookingPin/Info.plist;
				LD_RUNPATH_SEARCH_PATHS = "$(inherited) @executable_path/Frameworks";
				PRODUCT_BUNDLE_IDENTIFIER = com.triyada.cookingPin;
				PRODUCT_NAME = "$(TARGET_NAME)";
			};
			name = Release;
		};
/* End XCBuildConfiguration section */

/* Begin XCConfigurationList section */
		4FE237551C27351600E45787 /* Build configuration list for PBXProject "cookingPin" */ = {
			isa = XCConfigurationList;
			buildConfigurations = (
				4FE2376A1C27351600E45787 /* Debug */,
				4FE2376B1C27351600E45787 /* Release */,
			);
			defaultConfigurationIsVisible = 0;
			defaultConfigurationName = Release;
		};
		4FE2376C1C27351600E45787 /* Build configuration list for PBXNativeTarget "cookingPin" */ = {
			isa = XCConfigurationList;
			buildConfigurations = (
				4FE2376D1C27351600E45787 /* Debug */,
				4FE2376E1C27351600E45787 /* Release */,
			);
			defaultConfigurationIsVisible = 0;
		};
/* End XCConfigurationList section */
	};
	rootObject = 4FE237521C27351600E45787 /* Project object */;
}
