// !$*UTF8*$!
{
	archiveVersion = 1;
	classes = {
	};
	objectVersion = 46;
	objects = {

/* Begin PBXBuildFile section */
		4FF43E391C30B38D00F982C1 /* AppDelegate.swift in Sources */ = {isa = PBXBuildFile; fileRef = 4FF43E381C30B38D00F982C1 /* AppDelegate.swift */; };
		4FF43E3E1C30B38D00F982C1 /* Main.storyboard in Resources */ = {isa = PBXBuildFile; fileRef = 4FF43E3C1C30B38D00F982C1 /* Main.storyboard */; };
		4FF43E401C30B38D00F982C1 /* Assets.xcassets in Resources */ = {isa = PBXBuildFile; fileRef = 4FF43E3F1C30B38D00F982C1 /* Assets.xcassets */; };
		4FF43E431C30B38D00F982C1 /* LaunchScreen.storyboard in Resources */ = {isa = PBXBuildFile; fileRef = 4FF43E411C30B38D00F982C1 /* LaunchScreen.storyboard */; };
		4FF43E4B1C30B63700F982C1 /* homeViewController.swift in Sources */ = {isa = PBXBuildFile; fileRef = 4FF43E4A1C30B63700F982C1 /* homeViewController.swift */; };
		4FF43E4D1C30B7CF00F982C1 /* homeTableViewCell.swift in Sources */ = {isa = PBXBuildFile; fileRef = 4FF43E4C1C30B7CF00F982C1 /* homeTableViewCell.swift */; };
/* End PBXBuildFile section */

/* Begin PBXFileReference section */
		4FF43E351C30B38D00F982C1 /* IOU's.app */ = {isa = PBXFileReference; explicitFileType = wrapper.application; includeInIndex = 0; path = "IOU's.app"; sourceTree = BUILT_PRODUCTS_DIR; };
		4FF43E381C30B38D00F982C1 /* AppDelegate.swift */ = {isa = PBXFileReference; lastKnownFileType = sourcecode.swift; path = AppDelegate.swift; sourceTree = "<group>"; };
		4FF43E3D1C30B38D00F982C1 /* Base */ = {isa = PBXFileReference; lastKnownFileType = file.storyboard; name = Base; path = Base.lproj/Main.storyboard; sourceTree = "<group>"; };
		4FF43E3F1C30B38D00F982C1 /* Assets.xcassets */ = {isa = PBXFileReference; lastKnownFileType = folder.assetcatalog; path = Assets.xcassets; sourceTree = "<group>"; };
		4FF43E421C30B38D00F982C1 /* Base */ = {isa = PBXFileReference; lastKnownFileType = file.storyboard; name = Base; path = Base.lproj/LaunchScreen.storyboard; sourceTree = "<group>"; };
		4FF43E441C30B38D00F982C1 /* Info.plist */ = {isa = PBXFileReference; lastKnownFileType = text.plist.xml; path = Info.plist; sourceTree = "<group>"; };
		4FF43E4A1C30B63700F982C1 /* homeViewController.swift */ = {isa = PBXFileReference; fileEncoding = 4; lastKnownFileType = sourcecode.swift; name = homeViewController.swift; path = ../homeViewController.swift; sourceTree = "<group>"; };
		4FF43E4C1C30B7CF00F982C1 /* homeTableViewCell.swift */ = {isa = PBXFileReference; fileEncoding = 4; lastKnownFileType = sourcecode.swift; path = homeTableViewCell.swift; sourceTree = "<group>"; };
/* End PBXFileReference section */

/* Begin PBXFrameworksBuildPhase section */
		4FF43E321C30B38D00F982C1 /* Frameworks */ = {
			isa = PBXFrameworksBuildPhase;
			buildActionMask = 2147483647;
			files = (
			);
			runOnlyForDeploymentPostprocessing = 0;
		};
/* End PBXFrameworksBuildPhase section */

/* Begin PBXGroup section */
		4FF43E2C1C30B38D00F982C1 = {
			isa = PBXGroup;
			children = (
				4FF43E371C30B38D00F982C1 /* IOU's */,
				4FF43E361C30B38D00F982C1 /* Products */,
			);
			sourceTree = "<group>";
		};
		4FF43E361C30B38D00F982C1 /* Products */ = {
			isa = PBXGroup;
			children = (
				4FF43E351C30B38D00F982C1 /* IOU's.app */,
			);
			name = Products;
			sourceTree = "<group>";
		};
		4FF43E371C30B38D00F982C1 /* IOU's */ = {
			isa = PBXGroup;
			children = (
				4FF43E381C30B38D00F982C1 /* AppDelegate.swift */,
				4FF43E4A1C30B63700F982C1 /* homeViewController.swift */,
				4FF43E3C1C30B38D00F982C1 /* Main.storyboard */,
				4FF43E4C1C30B7CF00F982C1 /* homeTableViewCell.swift */,
				4FF43E3F1C30B38D00F982C1 /* Assets.xcassets */,
				4FF43E411C30B38D00F982C1 /* LaunchScreen.storyboard */,
				4FF43E441C30B38D00F982C1 /* Info.plist */,
			);
			path = "IOU's";
			sourceTree = "<group>";
		};
/* End PBXGroup section */

/* Begin PBXNativeTarget section */
		4FF43E341C30B38D00F982C1 /* IOU's */ = {
			isa = PBXNativeTarget;
			buildConfigurationList = 4FF43E471C30B38D00F982C1 /* Build configuration list for PBXNativeTarget "IOU's" */;
			buildPhases = (
				4FF43E311C30B38D00F982C1 /* Sources */,
				4FF43E321C30B38D00F982C1 /* Frameworks */,
				4FF43E331C30B38D00F982C1 /* Resources */,
			);
			buildRules = (
			);
			dependencies = (
			);
			name = "IOU's";
			productName = "IOU's";
			productReference = 4FF43E351C30B38D00F982C1 /* IOU's.app */;
			productType = "com.apple.product-type.application";
		};
/* End PBXNativeTarget section */

/* Begin PBXProject section */
		4FF43E2D1C30B38D00F982C1 /* Project object */ = {
			isa = PBXProject;
			attributes = {
				LastSwiftUpdateCheck = 0710;
				LastUpgradeCheck = 0710;
				ORGANIZATIONNAME = "Noah Marriott";
				TargetAttributes = {
					4FF43E341C30B38D00F982C1 = {
						CreatedOnToolsVersion = 7.1.1;
						DevelopmentTeam = 295SA56L2N;
					};
				};
			};
			buildConfigurationList = 4FF43E301C30B38D00F982C1 /* Build configuration list for PBXProject "IOU's" */;
			compatibilityVersion = "Xcode 3.2";
			developmentRegion = English;
			hasScannedForEncodings = 0;
			knownRegions = (
				en,
				Base,
			);
			mainGroup = 4FF43E2C1C30B38D00F982C1;
			productRefGroup = 4FF43E361C30B38D00F982C1 /* Products */;
			projectDirPath = "";
			projectRoot = "";
			targets = (
				4FF43E341C30B38D00F982C1 /* IOU's */,
			);
		};
/* End PBXProject section */

/* Begin PBXResourcesBuildPhase section */
		4FF43E331C30B38D00F982C1 /* Resources */ = {
			isa = PBXResourcesBuildPhase;
			buildActionMask = 2147483647;
			files = (
				4FF43E431C30B38D00F982C1 /* LaunchScreen.storyboard in Resources */,
				4FF43E401C30B38D00F982C1 /* Assets.xcassets in Resources */,
				4FF43E3E1C30B38D00F982C1 /* Main.storyboard in Resources */,
			);
			runOnlyForDeploymentPostprocessing = 0;
		};
/* End PBXResourcesBuildPhase section */

/* Begin PBXSourcesBuildPhase section */
		4FF43E311C30B38D00F982C1 /* Sources */ = {
			isa = PBXSourcesBuildPhase;
			buildActionMask = 2147483647;
			files = (
				4FF43E391C30B38D00F982C1 /* AppDelegate.swift in Sources */,
				4FF43E4D1C30B7CF00F982C1 /* homeTableViewCell.swift in Sources */,
				4FF43E4B1C30B63700F982C1 /* homeViewController.swift in Sources */,
			);
			runOnlyForDeploymentPostprocessing = 0;
		};
/* End PBXSourcesBuildPhase section */

/* Begin PBXVariantGroup section */
		4FF43E3C1C30B38D00F982C1 /* Main.storyboard */ = {
			isa = PBXVariantGroup;
			children = (
				4FF43E3D1C30B38D00F982C1 /* Base */,
			);
			name = Main.storyboard;
			sourceTree = "<group>";
		};
		4FF43E411C30B38D00F982C1 /* LaunchScreen.storyboard */ = {
			isa = PBXVariantGroup;
			children = (
				4FF43E421C30B38D00F982C1 /* Base */,
			);
			name = LaunchScreen.storyboard;
			sourceTree = "<group>";
		};
/* End PBXVariantGroup section */

/* Begin XCBuildConfiguration section */
		4FF43E451C30B38D00F982C1 /* Debug */ = {
			isa = XCBuildConfiguration;
			buildSettings = {
				ALWAYS_SEARCH_USER_PATHS = NO;
				CLANG_CXX_LANGUAGE_STANDARD = "gnu++0x";
				CLANG_CXX_LIBRARY = "libc++";
				CLANG_ENABLE_MODULES = YES;
				CLANG_ENABLE_OBJC_ARC = YES;
				CLANG_WARN_BOOL_CONVERSION = YES;
				CLANG_WARN_CONSTANT_CONVERSION = YES;
				CLANG_WARN_DIRECT_OBJC_ISA_USAGE = YES_ERROR;
				CLANG_WARN_EMPTY_BODY = YES;
				CLANG_WARN_ENUM_CONVERSION = YES;
				CLANG_WARN_INT_CONVERSION = YES;
				CLANG_WARN_OBJC_ROOT_CLASS = YES_ERROR;
				CLANG_WARN_UNREACHABLE_CODE = YES;
				CLANG_WARN__DUPLICATE_METHOD_MATCH = YES;
				"CODE_SIGN_IDENTITY[sdk=iphoneos*]" = "iPhone Developer";
				COPY_PHASE_STRIP = NO;
				DEBUG_INFORMATION_FORMAT = dwarf;
				ENABLE_STRICT_OBJC_MSGSEND = YES;
				ENABLE_TESTABILITY = YES;
				GCC_C_LANGUAGE_STANDARD = gnu99;
				GCC_DYNAMIC_NO_PIC = NO;
				GCC_NO_COMMON_BLOCKS = YES;
				GCC_OPTIMIZATION_LEVEL = 0;
				GCC_PREPROCESSOR_DEFINITIONS = (
					"DEBUG=1",
					"$(inherited)",
				);
				GCC_WARN_64_TO_32_BIT_CONVERSION = YES;
				GCC_WARN_ABOUT_RETURN_TYPE = YES_ERROR;
				GCC_WARN_UNDECLARED_SELECTOR = YES;
				GCC_WARN_UNINITIALIZED_AUTOS = YES_AGGRESSIVE;
				GCC_WARN_UNUSED_FUNCTION = YES;
				GCC_WARN_UNUSED_VARIABLE = YES;
				IPHONEOS_DEPLOYMENT_TARGET = 9.1;
				MTL_ENABLE_DEBUG_INFO = YES;
				ONLY_ACTIVE_ARCH = YES;
				SDKROOT = iphoneos;
				SWIFT_OPTIMIZATION_LEVEL = "-Onone";
				TARGETED_DEVICE_FAMILY = "1,2";
			};
			name = Debug;
		};
		4FF43E461C30B38D00F982C1 /* Release */ = {
			isa = XCBuildConfiguration;
			buildSettings = {
				ALWAYS_SEARCH_USER_PATHS = NO;
				CLANG_CXX_LANGUAGE_STANDARD = "gnu++0x";
				CLANG_CXX_LIBRARY = "libc++";
				CLANG_ENABLE_MODULES = YES;
				CLANG_ENABLE_OBJC_ARC = YES;
				CLANG_WARN_BOOL_CONVERSION = YES;
				CLANG_WARN_CONSTANT_CONVERSION = YES;
				CLANG_WARN_DIRECT_OBJC_ISA_USAGE = YES_ERROR;
				CLANG_WARN_EMPTY_BODY = YES;
				CLANG_WARN_ENUM_CONVERSION = YES;
				CLANG_WARN_INT_CONVERSION = YES;
				CLANG_WARN_OBJC_ROOT_CLASS = YES_ERROR;
				CLANG_WARN_UNREACHABLE_CODE = YES;
				CLANG_WARN__DUPLICATE_METHOD_MATCH = YES;
				"CODE_SIGN_IDENTITY[sdk=iphoneos*]" = "iPhone Developer";
				COPY_PHASE_STRIP = NO;
				DEBUG_INFORMATION_FORMAT = "dwarf-with-dsym";
				ENABLE_NS_ASSERTIONS = NO;
				ENABLE_STRICT_OBJC_MSGSEND = YES;
				GCC_C_LANGUAGE_STANDARD = gnu99;
				GCC_NO_COMMON_BLOCKS = YES;
				GCC_WARN_64_TO_32_BIT_CONVERSION = YES;
				GCC_WARN_ABOUT_RETURN_TYPE = YES_ERROR;
				GCC_WARN_UNDECLARED_SELECTOR = YES;
				GCC_WARN_UNINITIALIZED_AUTOS = YES_AGGRESSIVE;
				GCC_WARN_UNUSED_FUNCTION = YES;
				GCC_WARN_UNUSED_VARIABLE = YES;
				IPHONEOS_DEPLOYMENT_TARGET = 9.1;
				MTL_ENABLE_DEBUG_INFO = NO;
				SDKROOT = iphoneos;
				TARGETED_DEVICE_FAMILY = "1,2";
				VALIDATE_PRODUCT = YES;
			};
			name = Release;
		};
		4FF43E481C30B38D00F982C1 /* Debug */ = {
			isa = XCBuildConfiguration;
			buildSettings = {
				ASSETCATALOG_COMPILER_APPICON_NAME = AppIcon;
				INFOPLIST_FILE = "IOU's/Info.plist";
				LD_RUNPATH_SEARCH_PATHS = "$(inherited) @executable_path/Frameworks";
				PRODUCT_BUNDLE_IDENTIFIER = "com.triyada.IOU-s";
				PRODUCT_NAME = "$(TARGET_NAME)";
			};
			name = Debug;
		};
		4FF43E491C30B38D00F982C1 /* Release */ = {
			isa = XCBuildConfiguration;
			buildSettings = {
				ASSETCATALOG_COMPILER_APPICON_NAME = AppIcon;
				INFOPLIST_FILE = "IOU's/Info.plist";
				LD_RUNPATH_SEARCH_PATHS = "$(inherited) @executable_path/Frameworks";
				PRODUCT_BUNDLE_IDENTIFIER = "com.triyada.IOU-s";
				PRODUCT_NAME = "$(TARGET_NAME)";
			};
			name = Release;
		};
/* End XCBuildConfiguration section */

/* Begin XCConfigurationList section */
		4FF43E301C30B38D00F982C1 /* Build configuration list for PBXProject "IOU's" */ = {
			isa = XCConfigurationList;
			buildConfigurations = (
				4FF43E451C30B38D00F982C1 /* Debug */,
				4FF43E461C30B38D00F982C1 /* Release */,
			);
			defaultConfigurationIsVisible = 0;
			defaultConfigurationName = Release;
		};
		4FF43E471C30B38D00F982C1 /* Build configuration list for PBXNativeTarget "IOU's" */ = {
			isa = XCConfigurationList;
			buildConfigurations = (
				4FF43E481C30B38D00F982C1 /* Debug */,
				4FF43E491C30B38D00F982C1 /* Release */,
			);
			defaultConfigurationIsVisible = 0;
		};
/* End XCConfigurationList section */
	};
	rootObject = 4FF43E2D1C30B38D00F982C1 /* Project object */;
}
