// !$*UTF8*$!
{
	archiveVersion = 1;
	classes = {
	};
	objectVersion = 46;
	objects = {

/* Begin PBXBuildFile section */
		4F9CDF9C1B39F7BD00102974 /* AppDelegate.swift in Sources */ = {isa = PBXBuildFile; fileRef = 4F9CDF9B1B39F7BD00102974 /* AppDelegate.swift */; };
		4F9CDF9E1B39F7BD00102974 /* ViewController.swift in Sources */ = {isa = PBXBuildFile; fileRef = 4F9CDF9D1B39F7BD00102974 /* ViewController.swift */; };
		4F9CDFA11B39F7BD00102974 /* Main.storyboard in Resources */ = {isa = PBXBuildFile; fileRef = 4F9CDF9F1B39F7BD00102974 /* Main.storyboard */; };
		4F9CDFA31B39F7BD00102974 /* Images.xcassets in Resources */ = {isa = PBXBuildFile; fileRef = 4F9CDFA21B39F7BD00102974 /* Images.xcassets */; };
		4F9CDFA61B39F7BD00102974 /* LaunchScreen.xib in Resources */ = {isa = PBXBuildFile; fileRef = 4F9CDFA41B39F7BD00102974 /* LaunchScreen.xib */; };
		4F9CDFB21B39F7BD00102974 /* medPlusTests.swift in Sources */ = {isa = PBXBuildFile; fileRef = 4F9CDFB11B39F7BD00102974 /* medPlusTests.swift */; };
		4F9CDFBE1B39FA0700102974 /* Pill-256.png in Resources */ = {isa = PBXBuildFile; fileRef = 4F9CDFBD1B39FA0700102974 /* Pill-256.png */; };
		4F9CDFC21B39FCA200102974 /* plus.png in Resources */ = {isa = PBXBuildFile; fileRef = 4F9CDFC11B39FCA200102974 /* plus.png */; };
/* End PBXBuildFile section */

/* Begin PBXContainerItemProxy section */
		4F9CDFAC1B39F7BD00102974 /* PBXContainerItemProxy */ = {
			isa = PBXContainerItemProxy;
			containerPortal = 4F9CDF8E1B39F7BD00102974 /* Project object */;
			proxyType = 1;
			remoteGlobalIDString = 4F9CDF951B39F7BD00102974;
			remoteInfo = medPlus;
		};
/* End PBXContainerItemProxy section */

/* Begin PBXFileReference section */
		4F9CDF961B39F7BD00102974 /* medPlus.app */ = {isa = PBXFileReference; explicitFileType = wrapper.application; includeInIndex = 0; path = medPlus.app; sourceTree = BUILT_PRODUCTS_DIR; };
		4F9CDF9A1B39F7BD00102974 /* Info.plist */ = {isa = PBXFileReference; lastKnownFileType = text.plist.xml; path = Info.plist; sourceTree = "<group>"; };
		4F9CDF9B1B39F7BD00102974 /* AppDelegate.swift */ = {isa = PBXFileReference; lastKnownFileType = sourcecode.swift; path = AppDelegate.swift; sourceTree = "<group>"; };
		4F9CDF9D1B39F7BD00102974 /* ViewController.swift */ = {isa = PBXFileReference; lastKnownFileType = sourcecode.swift; path = ViewController.swift; sourceTree = "<group>"; };
		4F9CDFA01B39F7BD00102974 /* Base */ = {isa = PBXFileReference; lastKnownFileType = file.storyboard; name = Base; path = Base.lproj/Main.storyboard; sourceTree = "<group>"; };
		4F9CDFA21B39F7BD00102974 /* Images.xcassets */ = {isa = PBXFileReference; lastKnownFileType = folder.assetcatalog; path = Images.xcassets; sourceTree = "<group>"; };
		4F9CDFA51B39F7BD00102974 /* Base */ = {isa = PBXFileReference; lastKnownFileType = file.xib; name = Base; path = Base.lproj/LaunchScreen.xib; sourceTree = "<group>"; };
		4F9CDFAB1B39F7BD00102974 /* medPlusTests.xctest */ = {isa = PBXFileReference; explicitFileType = wrapper.cfbundle; includeInIndex = 0; path = medPlusTests.xctest; sourceTree = BUILT_PRODUCTS_DIR; };
		4F9CDFB01B39F7BD00102974 /* Info.plist */ = {isa = PBXFileReference; lastKnownFileType = text.plist.xml; path = Info.plist; sourceTree = "<group>"; };
		4F9CDFB11B39F7BD00102974 /* medPlusTests.swift */ = {isa = PBXFileReference; lastKnownFileType = sourcecode.swift; path = medPlusTests.swift; sourceTree = "<group>"; };
		4F9CDFBD1B39FA0700102974 /* Pill-256.png */ = {isa = PBXFileReference; lastKnownFileType = image.png; path = "Pill-256.png"; sourceTree = "<group>"; };
		4F9CDFC11B39FCA200102974 /* plus.png */ = {isa = PBXFileReference; lastKnownFileType = image.png; path = plus.png; sourceTree = "<group>"; };
/* End PBXFileReference section */

/* Begin PBXFrameworksBuildPhase section */
		4F9CDF931B39F7BD00102974 /* Frameworks */ = {
			isa = PBXFrameworksBuildPhase;
			buildActionMask = 2147483647;
			files = (
			);
			runOnlyForDeploymentPostprocessing = 0;
		};
		4F9CDFA81B39F7BD00102974 /* Frameworks */ = {
			isa = PBXFrameworksBuildPhase;
			buildActionMask = 2147483647;
			files = (
			);
			runOnlyForDeploymentPostprocessing = 0;
		};
/* End PBXFrameworksBuildPhase section */

/* Begin PBXGroup section */
		4F9CDF8D1B39F7BD00102974 = {
			isa = PBXGroup;
			children = (
				4F9CDF981B39F7BD00102974 /* medPlus */,
				4F9CDFAE1B39F7BD00102974 /* medPlusTests */,
				4F9CDF971B39F7BD00102974 /* Products */,
			);
			sourceTree = "<group>";
		};
		4F9CDF971B39F7BD00102974 /* Products */ = {
			isa = PBXGroup;
			children = (
				4F9CDF961B39F7BD00102974 /* medPlus.app */,
				4F9CDFAB1B39F7BD00102974 /* medPlusTests.xctest */,
			);
			name = Products;
			sourceTree = "<group>";
		};
		4F9CDF981B39F7BD00102974 /* medPlus */ = {
			isa = PBXGroup;
			children = (
				4F9CDF9B1B39F7BD00102974 /* AppDelegate.swift */,
				4F9CDF9D1B39F7BD00102974 /* ViewController.swift */,
				4F9CDFC11B39FCA200102974 /* plus.png */,
				4F9CDFBD1B39FA0700102974 /* Pill-256.png */,
				4F9CDF9F1B39F7BD00102974 /* Main.storyboard */,
				4F9CDFA21B39F7BD00102974 /* Images.xcassets */,
				4F9CDFA41B39F7BD00102974 /* LaunchScreen.xib */,
				4F9CDF991B39F7BD00102974 /* Supporting Files */,
			);
			path = medPlus;
			sourceTree = "<group>";
		};
		4F9CDF991B39F7BD00102974 /* Supporting Files */ = {
			isa = PBXGroup;
			children = (
				4F9CDF9A1B39F7BD00102974 /* Info.plist */,
			);
			name = "Supporting Files";
			sourceTree = "<group>";
		};
		4F9CDFAE1B39F7BD00102974 /* medPlusTests */ = {
			isa = PBXGroup;
			children = (
				4F9CDFB11B39F7BD00102974 /* medPlusTests.swift */,
				4F9CDFAF1B39F7BD00102974 /* Supporting Files */,
			);
			path = medPlusTests;
			sourceTree = "<group>";
		};
		4F9CDFAF1B39F7BD00102974 /* Supporting Files */ = {
			isa = PBXGroup;
			children = (
				4F9CDFB01B39F7BD00102974 /* Info.plist */,
			);
			name = "Supporting Files";
			sourceTree = "<group>";
		};
/* End PBXGroup section */

/* Begin PBXNativeTarget section */
		4F9CDF951B39F7BD00102974 /* medPlus */ = {
			isa = PBXNativeTarget;
			buildConfigurationList = 4F9CDFB51B39F7BD00102974 /* Build configuration list for PBXNativeTarget "medPlus" */;
			buildPhases = (
				4F9CDF921B39F7BD00102974 /* Sources */,
				4F9CDF931B39F7BD00102974 /* Frameworks */,
				4F9CDF941B39F7BD00102974 /* Resources */,
			);
			buildRules = (
			);
			dependencies = (
			);
			name = medPlus;
			productName = medPlus;
			productReference = 4F9CDF961B39F7BD00102974 /* medPlus.app */;
			productType = "com.apple.product-type.application";
		};
		4F9CDFAA1B39F7BD00102974 /* medPlusTests */ = {
			isa = PBXNativeTarget;
			buildConfigurationList = 4F9CDFB81B39F7BD00102974 /* Build configuration list for PBXNativeTarget "medPlusTests" */;
			buildPhases = (
				4F9CDFA71B39F7BD00102974 /* Sources */,
				4F9CDFA81B39F7BD00102974 /* Frameworks */,
				4F9CDFA91B39F7BD00102974 /* Resources */,
			);
			buildRules = (
			);
			dependencies = (
				4F9CDFAD1B39F7BD00102974 /* PBXTargetDependency */,
			);
			name = medPlusTests;
			productName = medPlusTests;
			productReference = 4F9CDFAB1B39F7BD00102974 /* medPlusTests.xctest */;
			productType = "com.apple.product-type.bundle.unit-test";
		};
/* End PBXNativeTarget section */

/* Begin PBXProject section */
		4F9CDF8E1B39F7BD00102974 /* Project object */ = {
			isa = PBXProject;
			attributes = {
				LastUpgradeCheck = 0630;
				ORGANIZATIONNAME = "Noah Marriott";
				TargetAttributes = {
					4F9CDF951B39F7BD00102974 = {
						CreatedOnToolsVersion = 6.3.2;
					};
					4F9CDFAA1B39F7BD00102974 = {
						CreatedOnToolsVersion = 6.3.2;
						TestTargetID = 4F9CDF951B39F7BD00102974;
					};
				};
			};
			buildConfigurationList = 4F9CDF911B39F7BD00102974 /* Build configuration list for PBXProject "medPlus" */;
			compatibilityVersion = "Xcode 3.2";
			developmentRegion = English;
			hasScannedForEncodings = 0;
			knownRegions = (
				en,
				Base,
			);
			mainGroup = 4F9CDF8D1B39F7BD00102974;
			productRefGroup = 4F9CDF971B39F7BD00102974 /* Products */;
			projectDirPath = "";
			projectRoot = "";
			targets = (
				4F9CDF951B39F7BD00102974 /* medPlus */,
				4F9CDFAA1B39F7BD00102974 /* medPlusTests */,
			);
		};
/* End PBXProject section */

/* Begin PBXResourcesBuildPhase section */
		4F9CDF941B39F7BD00102974 /* Resources */ = {
			isa = PBXResourcesBuildPhase;
			buildActionMask = 2147483647;
			files = (
				4F9CDFA11B39F7BD00102974 /* Main.storyboard in Resources */,
				4F9CDFC21B39FCA200102974 /* plus.png in Resources */,
				4F9CDFA61B39F7BD00102974 /* LaunchScreen.xib in Resources */,
				4F9CDFBE1B39FA0700102974 /* Pill-256.png in Resources */,
				4F9CDFA31B39F7BD00102974 /* Images.xcassets in Resources */,
			);
			runOnlyForDeploymentPostprocessing = 0;
		};
		4F9CDFA91B39F7BD00102974 /* Resources */ = {
			isa = PBXResourcesBuildPhase;
			buildActionMask = 2147483647;
			files = (
			);
			runOnlyForDeploymentPostprocessing = 0;
		};
/* End PBXResourcesBuildPhase section */

/* Begin PBXSourcesBuildPhase section */
		4F9CDF921B39F7BD00102974 /* Sources */ = {
			isa = PBXSourcesBuildPhase;
			buildActionMask = 2147483647;
			files = (
				4F9CDF9E1B39F7BD00102974 /* ViewController.swift in Sources */,
				4F9CDF9C1B39F7BD00102974 /* AppDelegate.swift in Sources */,
			);
			runOnlyForDeploymentPostprocessing = 0;
		};
		4F9CDFA71B39F7BD00102974 /* Sources */ = {
			isa = PBXSourcesBuildPhase;
			buildActionMask = 2147483647;
			files = (
				4F9CDFB21B39F7BD00102974 /* medPlusTests.swift in Sources */,
			);
			runOnlyForDeploymentPostprocessing = 0;
		};
/* End PBXSourcesBuildPhase section */

/* Begin PBXTargetDependency section */
		4F9CDFAD1B39F7BD00102974 /* PBXTargetDependency */ = {
			isa = PBXTargetDependency;
			target = 4F9CDF951B39F7BD00102974 /* medPlus */;
			targetProxy = 4F9CDFAC1B39F7BD00102974 /* PBXContainerItemProxy */;
		};
/* End PBXTargetDependency section */

/* Begin PBXVariantGroup section */
		4F9CDF9F1B39F7BD00102974 /* Main.storyboard */ = {
			isa = PBXVariantGroup;
			children = (
				4F9CDFA01B39F7BD00102974 /* Base */,
			);
			name = Main.storyboard;
			sourceTree = "<group>";
		};
		4F9CDFA41B39F7BD00102974 /* LaunchScreen.xib */ = {
			isa = PBXVariantGroup;
			children = (
				4F9CDFA51B39F7BD00102974 /* Base */,
			);
			name = LaunchScreen.xib;
			sourceTree = "<group>";
		};
/* End PBXVariantGroup section */

/* Begin XCBuildConfiguration section */
		4F9CDFB31B39F7BD00102974 /* Debug */ = {
			isa = XCBuildConfiguration;
			buildSettings = {
				ALWAYS_SEARCH_USER_PATHS = NO;
				CLANG_CXX_LANGUAGE_STANDARD = "gnu++0x";
				CLANG_CXX_LIBRARY = "libc++";
				CLANG_ENABLE_MODULES = YES;
				CLANG_ENABLE_OBJC_ARC = YES;
				CLANG_WARN_BOOL_CONVERSION = YES;
				CLANG_WARN_CONSTANT_CONVERSION = YES;
				CLANG_WARN_DIRECT_OBJC_ISA_USAGE = YES_ERROR;
				CLANG_WARN_EMPTY_BODY = YES;
				CLANG_WARN_ENUM_CONVERSION = YES;
				CLANG_WARN_INT_CONVERSION = YES;
				CLANG_WARN_OBJC_ROOT_CLASS = YES_ERROR;
				CLANG_WARN_UNREACHABLE_CODE = YES;
				CLANG_WARN__DUPLICATE_METHOD_MATCH = YES;
				"CODE_SIGN_IDENTITY[sdk=iphoneos*]" = "iPhone Developer";
				COPY_PHASE_STRIP = NO;
				DEBUG_INFORMATION_FORMAT = "dwarf-with-dsym";
				ENABLE_STRICT_OBJC_MSGSEND = YES;
				GCC_C_LANGUAGE_STANDARD = gnu99;
				GCC_DYNAMIC_NO_PIC = NO;
				GCC_NO_COMMON_BLOCKS = YES;
				GCC_OPTIMIZATION_LEVEL = 0;
				GCC_PREPROCESSOR_DEFINITIONS = (
					"DEBUG=1",
					"$(inherited)",
				);
				GCC_SYMBOLS_PRIVATE_EXTERN = NO;
				GCC_WARN_64_TO_32_BIT_CONVERSION = YES;
				GCC_WARN_ABOUT_RETURN_TYPE = YES_ERROR;
				GCC_WARN_UNDECLARED_SELECTOR = YES;
				GCC_WARN_UNINITIALIZED_AUTOS = YES_AGGRESSIVE;
				GCC_WARN_UNUSED_FUNCTION = YES;
				GCC_WARN_UNUSED_VARIABLE = YES;
				IPHONEOS_DEPLOYMENT_TARGET = 8.3;
				MTL_ENABLE_DEBUG_INFO = YES;
				ONLY_ACTIVE_ARCH = YES;
				SDKROOT = iphoneos;
				SWIFT_OPTIMIZATION_LEVEL = "-Onone";
				TARGETED_DEVICE_FAMILY = "1,2";
			};
			name = Debug;
		};
		4F9CDFB41B39F7BD00102974 /* Release */ = {
			isa = XCBuildConfiguration;
			buildSettings = {
				ALWAYS_SEARCH_USER_PATHS = NO;
				CLANG_CXX_LANGUAGE_STANDARD = "gnu++0x";
				CLANG_CXX_LIBRARY = "libc++";
				CLANG_ENABLE_MODULES = YES;
				CLANG_ENABLE_OBJC_ARC = YES;
				CLANG_WARN_BOOL_CONVERSION = YES;
				CLANG_WARN_CONSTANT_CONVERSION = YES;
				CLANG_WARN_DIRECT_OBJC_ISA_USAGE = YES_ERROR;
				CLANG_WARN_EMPTY_BODY = YES;
				CLANG_WARN_ENUM_CONVERSION = YES;
				CLANG_WARN_INT_CONVERSION = YES;
				CLANG_WARN_OBJC_ROOT_CLASS = YES_ERROR;
				CLANG_WARN_UNREACHABLE_CODE = YES;
				CLANG_WARN__DUPLICATE_METHOD_MATCH = YES;
				"CODE_SIGN_IDENTITY[sdk=iphoneos*]" = "iPhone Developer";
				COPY_PHASE_STRIP = NO;
				DEBUG_INFORMATION_FORMAT = "dwarf-with-dsym";
				ENABLE_NS_ASSERTIONS = NO;
				ENABLE_STRICT_OBJC_MSGSEND = YES;
				GCC_C_LANGUAGE_STANDARD = gnu99;
				GCC_NO_COMMON_BLOCKS = YES;
				GCC_WARN_64_TO_32_BIT_CONVERSION = YES;
				GCC_WARN_ABOUT_RETURN_TYPE = YES_ERROR;
				GCC_WARN_UNDECLARED_SELECTOR = YES;
				GCC_WARN_UNINITIALIZED_AUTOS = YES_AGGRESSIVE;
				GCC_WARN_UNUSED_FUNCTION = YES;
				GCC_WARN_UNUSED_VARIABLE = YES;
				IPHONEOS_DEPLOYMENT_TARGET = 8.3;
				MTL_ENABLE_DEBUG_INFO = NO;
				SDKROOT = iphoneos;
				TARGETED_DEVICE_FAMILY = "1,2";
				VALIDATE_PRODUCT = YES;
			};
			name = Release;
		};
		4F9CDFB61B39F7BD00102974 /* Debug */ = {
			isa = XCBuildConfiguration;
			buildSettings = {
				ASSETCATALOG_COMPILER_APPICON_NAME = AppIcon;
				INFOPLIST_FILE = medPlus/Info.plist;
				LD_RUNPATH_SEARCH_PATHS = "$(inherited) @executable_path/Frameworks";
				PRODUCT_NAME = "$(TARGET_NAME)";
			};
			name = Debug;
		};
		4F9CDFB71B39F7BD00102974 /* Release */ = {
			isa = XCBuildConfiguration;
			buildSettings = {
				ASSETCATALOG_COMPILER_APPICON_NAME = AppIcon;
				INFOPLIST_FILE = medPlus/Info.plist;
				LD_RUNPATH_SEARCH_PATHS = "$(inherited) @executable_path/Frameworks";
				PRODUCT_NAME = "$(TARGET_NAME)";
			};
			name = Release;
		};
		4F9CDFB91B39F7BD00102974 /* Debug */ = {
			isa = XCBuildConfiguration;
			buildSettings = {
				BUNDLE_LOADER = "$(TEST_HOST)";
				FRAMEWORK_SEARCH_PATHS = (
					"$(SDKROOT)/Developer/Library/Frameworks",
					"$(inherited)",
				);
				GCC_PREPROCESSOR_DEFINITIONS = (
					"DEBUG=1",
					"$(inherited)",
				);
				INFOPLIST_FILE = medPlusTests/Info.plist;
				LD_RUNPATH_SEARCH_PATHS = "$(inherited) @executable_path/Frameworks @loader_path/Frameworks";
				PRODUCT_NAME = "$(TARGET_NAME)";
				TEST_HOST = "$(BUILT_PRODUCTS_DIR)/medPlus.app/medPlus";
			};
			name = Debug;
		};
		4F9CDFBA1B39F7BD00102974 /* Release */ = {
			isa = XCBuildConfiguration;
			buildSettings = {
				BUNDLE_LOADER = "$(TEST_HOST)";
				FRAMEWORK_SEARCH_PATHS = (
					"$(SDKROOT)/Developer/Library/Frameworks",
					"$(inherited)",
				);
				INFOPLIST_FILE = medPlusTests/Info.plist;
				LD_RUNPATH_SEARCH_PATHS = "$(inherited) @executable_path/Frameworks @loader_path/Frameworks";
				PRODUCT_NAME = "$(TARGET_NAME)";
				TEST_HOST = "$(BUILT_PRODUCTS_DIR)/medPlus.app/medPlus";
			};
			name = Release;
		};
/* End XCBuildConfiguration section */

/* Begin XCConfigurationList section */
		4F9CDF911B39F7BD00102974 /* Build configuration list for PBXProject "medPlus" */ = {
			isa = XCConfigurationList;
			buildConfigurations = (
				4F9CDFB31B39F7BD00102974 /* Debug */,
				4F9CDFB41B39F7BD00102974 /* Release */,
			);
			defaultConfigurationIsVisible = 0;
			defaultConfigurationName = Release;
		};
		4F9CDFB51B39F7BD00102974 /* Build configuration list for PBXNativeTarget "medPlus" */ = {
			isa = XCConfigurationList;
			buildConfigurations = (
				4F9CDFB61B39F7BD00102974 /* Debug */,
				4F9CDFB71B39F7BD00102974 /* Release */,
			);
			defaultConfigurationIsVisible = 0;
		};
		4F9CDFB81B39F7BD00102974 /* Build configuration list for PBXNativeTarget "medPlusTests" */ = {
			isa = XCConfigurationList;
			buildConfigurations = (
				4F9CDFB91B39F7BD00102974 /* Debug */,
				4F9CDFBA1B39F7BD00102974 /* Release */,
			);
			defaultConfigurationIsVisible = 0;
		};
/* End XCConfigurationList section */
	};
	rootObject = 4F9CDF8E1B39F7BD00102974 /* Project object */;
}
